// !$*UTF8*$!
{
	archiveVersion = 1;
	classes = {
	};
	objectVersion = 56;
	objects = {

/* Begin PBXBuildFile section */
		473BAE802AA48DAA00968C3C /* LexueSwiftUIApp.swift in Sources */ = {isa = PBXBuildFile; fileRef = 473BAE7F2AA48DAA00968C3C /* LexueSwiftUIApp.swift */; };
		473BAE822AA48DAA00968C3C /* ContentView.swift in Sources */ = {isa = PBXBuildFile; fileRef = 473BAE812AA48DAA00968C3C /* ContentView.swift */; };
		473BAE842AA48DAA00968C3C /* Assets.xcassets in Resources */ = {isa = PBXBuildFile; fileRef = 473BAE832AA48DAA00968C3C /* Assets.xcassets */; };
		473BAE872AA48DAA00968C3C /* Preview Assets.xcassets in Resources */ = {isa = PBXBuildFile; fileRef = 473BAE862AA48DAA00968C3C /* Preview Assets.xcassets */; };
		473BAE942AA4969F00968C3C /* SettingView.swift in Sources */ = {isa = PBXBuildFile; fileRef = 473BAE932AA4969F00968C3C /* SettingView.swift */; };
		473BAE962AA496AE00968C3C /* CourseListView.swift in Sources */ = {isa = PBXBuildFile; fileRef = 473BAE952AA496AE00968C3C /* CourseListView.swift */; };
		473BAE982AA496B800968C3C /* MessageListView.swift in Sources */ = {isa = PBXBuildFile; fileRef = 473BAE972AA496B800968C3C /* MessageListView.swift */; };
		473BAE9C2AA4C13B00968C3C /* SettingStorage.swift in Sources */ = {isa = PBXBuildFile; fileRef = 473BAE9B2AA4C13B00968C3C /* SettingStorage.swift */; };
		473BAE9E2AA4C16D00968C3C /* GlobalVariables.swift in Sources */ = {isa = PBXBuildFile; fileRef = 473BAE9D2AA4C16D00968C3C /* GlobalVariables.swift */; };
		474C9B762AA4D51D0064B5AF /* SearchBarView in Frameworks */ = {isa = PBXBuildFile; productRef = 474C9B752AA4D51D0064B5AF /* SearchBarView */; };
		474C9B792AA4E38D0064B5AF /* DDLListView.swift in Sources */ = {isa = PBXBuildFile; fileRef = 474C9B782AA4E38D0064B5AF /* DDLListView.swift */; };
/* End PBXBuildFile section */

/* Begin PBXFileReference section */
		473BAE7C2AA48DAA00968C3C /* LexueSwiftUI.app */ = {isa = PBXFileReference; explicitFileType = wrapper.application; includeInIndex = 0; path = LexueSwiftUI.app; sourceTree = BUILT_PRODUCTS_DIR; };
		473BAE7F2AA48DAA00968C3C /* LexueSwiftUIApp.swift */ = {isa = PBXFileReference; lastKnownFileType = sourcecode.swift; path = LexueSwiftUIApp.swift; sourceTree = "<group>"; };
		473BAE812AA48DAA00968C3C /* ContentView.swift */ = {isa = PBXFileReference; lastKnownFileType = sourcecode.swift; path = ContentView.swift; sourceTree = "<group>"; };
		473BAE832AA48DAA00968C3C /* Assets.xcassets */ = {isa = PBXFileReference; lastKnownFileType = folder.assetcatalog; path = Assets.xcassets; sourceTree = "<group>"; };
		473BAE862AA48DAA00968C3C /* Preview Assets.xcassets */ = {isa = PBXFileReference; lastKnownFileType = folder.assetcatalog; path = "Preview Assets.xcassets"; sourceTree = "<group>"; };
		473BAE932AA4969F00968C3C /* SettingView.swift */ = {isa = PBXFileReference; lastKnownFileType = sourcecode.swift; path = SettingView.swift; sourceTree = "<group>"; };
		473BAE952AA496AE00968C3C /* CourseListView.swift */ = {isa = PBXFileReference; lastKnownFileType = sourcecode.swift; path = CourseListView.swift; sourceTree = "<group>"; };
		473BAE972AA496B800968C3C /* MessageListView.swift */ = {isa = PBXFileReference; lastKnownFileType = sourcecode.swift; path = MessageListView.swift; sourceTree = "<group>"; };
		473BAE9B2AA4C13B00968C3C /* SettingStorage.swift */ = {isa = PBXFileReference; lastKnownFileType = sourcecode.swift; path = SettingStorage.swift; sourceTree = "<group>"; };
		473BAE9D2AA4C16D00968C3C /* GlobalVariables.swift */ = {isa = PBXFileReference; lastKnownFileType = sourcecode.swift; path = GlobalVariables.swift; sourceTree = "<group>"; };
		474C9B782AA4E38D0064B5AF /* DDLListView.swift */ = {isa = PBXFileReference; lastKnownFileType = sourcecode.swift; path = DDLListView.swift; sourceTree = "<group>"; };
/* End PBXFileReference section */

/* Begin PBXFrameworksBuildPhase section */
		473BAE792AA48DAA00968C3C /* Frameworks */ = {
			isa = PBXFrameworksBuildPhase;
			buildActionMask = 2147483647;
			files = (
				474C9B762AA4D51D0064B5AF /* SearchBarView in Frameworks */,
			);
			runOnlyForDeploymentPostprocessing = 0;
		};
/* End PBXFrameworksBuildPhase section */

/* Begin PBXGroup section */
		473BAE732AA48DAA00968C3C = {
			isa = PBXGroup;
			children = (
				473BAE7E2AA48DAA00968C3C /* LexueSwiftUI */,
				473BAE7D2AA48DAA00968C3C /* Products */,
			);
			sourceTree = "<group>";
		};
		473BAE7D2AA48DAA00968C3C /* Products */ = {
			isa = PBXGroup;
			children = (
				473BAE7C2AA48DAA00968C3C /* LexueSwiftUI.app */,
			);
			name = Products;
			sourceTree = "<group>";
		};
		473BAE7E2AA48DAA00968C3C /* LexueSwiftUI */ = {
			isa = PBXGroup;
			children = (
				473BAE922AA48E9500968C3C /* LocalStorage */,
				473BAE912AA48E8200968C3C /* Network */,
				473BAE8D2AA48E4300968C3C /* Views */,
				473BAE7F2AA48DAA00968C3C /* LexueSwiftUIApp.swift */,
				473BAE832AA48DAA00968C3C /* Assets.xcassets */,
				473BAE852AA48DAA00968C3C /* Preview Content */,
				473BAE9D2AA4C16D00968C3C /* GlobalVariables.swift */,
			);
			path = LexueSwiftUI;
			sourceTree = "<group>";
		};
		473BAE852AA48DAA00968C3C /* Preview Content */ = {
			isa = PBXGroup;
			children = (
				473BAE862AA48DAA00968C3C /* Preview Assets.xcassets */,
			);
			path = "Preview Content";
			sourceTree = "<group>";
		};
		473BAE8D2AA48E4300968C3C /* Views */ = {
			isa = PBXGroup;
			children = (
				473BAE8E2AA48E5100968C3C /* MessageList */,
				473BAE8F2AA48E6000968C3C /* CourseList */,
				473BAE902AA48E6700968C3C /* Setting */,
				474C9B772AA4E3680064B5AF /* DDLList */,
				473BAE812AA48DAA00968C3C /* ContentView.swift */,
			);
			path = Views;
			sourceTree = "<group>";
		};
		473BAE8E2AA48E5100968C3C /* MessageList */ = {
			isa = PBXGroup;
			children = (
				473BAE972AA496B800968C3C /* MessageListView.swift */,
			);
			path = MessageList;
			sourceTree = "<group>";
		};
		473BAE8F2AA48E6000968C3C /* CourseList */ = {
			isa = PBXGroup;
			children = (
				473BAE952AA496AE00968C3C /* CourseListView.swift */,
			);
			path = CourseList;
			sourceTree = "<group>";
		};
		473BAE902AA48E6700968C3C /* Setting */ = {
			isa = PBXGroup;
			children = (
				473BAE932AA4969F00968C3C /* SettingView.swift */,
			);
			path = Setting;
			sourceTree = "<group>";
		};
		473BAE912AA48E8200968C3C /* Network */ = {
			isa = PBXGroup;
			children = (
			);
			path = Network;
			sourceTree = "<group>";
		};
		473BAE922AA48E9500968C3C /* LocalStorage */ = {
			isa = PBXGroup;
			children = (
				473BAE9B2AA4C13B00968C3C /* SettingStorage.swift */,
			);
			path = LocalStorage;
			sourceTree = "<group>";
		};
		474C9B772AA4E3680064B5AF /* DDLList */ = {
			isa = PBXGroup;
			children = (
				474C9B782AA4E38D0064B5AF /* DDLListView.swift */,
			);
			path = DDLList;
			sourceTree = "<group>";
		};
/* End PBXGroup section */

/* Begin PBXNativeTarget section */
		473BAE7B2AA48DAA00968C3C /* LexueSwiftUI */ = {
			isa = PBXNativeTarget;
			buildConfigurationList = 473BAE8A2AA48DAA00968C3C /* Build configuration list for PBXNativeTarget "LexueSwiftUI" */;
			buildPhases = (
				473BAE782AA48DAA00968C3C /* Sources */,
				473BAE792AA48DAA00968C3C /* Frameworks */,
				473BAE7A2AA48DAA00968C3C /* Resources */,
			);
			buildRules = (
			);
			dependencies = (
			);
			name = LexueSwiftUI;
			packageProductDependencies = (
				474C9B752AA4D51D0064B5AF /* SearchBarView */,
			);
			productName = LexueSwiftUI;
			productReference = 473BAE7C2AA48DAA00968C3C /* LexueSwiftUI.app */;
			productType = "com.apple.product-type.application";
		};
/* End PBXNativeTarget section */

/* Begin PBXProject section */
		473BAE742AA48DAA00968C3C /* Project object */ = {
			isa = PBXProject;
			attributes = {
				BuildIndependentTargetsInParallel = 1;
				LastSwiftUpdateCheck = 1420;
				LastUpgradeCheck = 1420;
				TargetAttributes = {
					473BAE7B2AA48DAA00968C3C = {
						CreatedOnToolsVersion = 14.2;
					};
				};
			};
			buildConfigurationList = 473BAE772AA48DAA00968C3C /* Build configuration list for PBXProject "LexueSwiftUI" */;
			compatibilityVersion = "Xcode 14.0";
			developmentRegion = en;
			hasScannedForEncodings = 0;
			knownRegions = (
				en,
				Base,
			);
			mainGroup = 473BAE732AA48DAA00968C3C;
			packageReferences = (
				474C9B742AA4D51D0064B5AF /* XCRemoteSwiftPackageReference "SearchBarView" */,
			);
			productRefGroup = 473BAE7D2AA48DAA00968C3C /* Products */;
			projectDirPath = "";
			projectRoot = "";
			targets = (
				473BAE7B2AA48DAA00968C3C /* LexueSwiftUI */,
			);
		};
/* End PBXProject section */

/* Begin PBXResourcesBuildPhase section */
		473BAE7A2AA48DAA00968C3C /* Resources */ = {
			isa = PBXResourcesBuildPhase;
			buildActionMask = 2147483647;
			files = (
				473BAE872AA48DAA00968C3C /* Preview Assets.xcassets in Resources */,
				473BAE842AA48DAA00968C3C /* Assets.xcassets in Resources */,
			);
			runOnlyForDeploymentPostprocessing = 0;
		};
/* End PBXResourcesBuildPhase section */

/* Begin PBXSourcesBuildPhase section */
		473BAE782AA48DAA00968C3C /* Sources */ = {
			isa = PBXSourcesBuildPhase;
			buildActionMask = 2147483647;
			files = (
				473BAE9C2AA4C13B00968C3C /* SettingStorage.swift in Sources */,
				473BAE942AA4969F00968C3C /* SettingView.swift in Sources */,
				473BAE822AA48DAA00968C3C /* ContentView.swift in Sources */,
				473BAE802AA48DAA00968C3C /* LexueSwiftUIApp.swift in Sources */,
				473BAE9E2AA4C16D00968C3C /* GlobalVariables.swift in Sources */,
				473BAE982AA496B800968C3C /* MessageListView.swift in Sources */,
				473BAE962AA496AE00968C3C /* CourseListView.swift in Sources */,
				474C9B792AA4E38D0064B5AF /* DDLListView.swift in Sources */,
			);
			runOnlyForDeploymentPostprocessing = 0;
		};
/* End PBXSourcesBuildPhase section */

/* Begin XCBuildConfiguration section */
		473BAE882AA48DAA00968C3C /* Debug */ = {
			isa = XCBuildConfiguration;
			buildSettings = {
				ALWAYS_SEARCH_USER_PATHS = NO;
				CLANG_ANALYZER_NONNULL = YES;
				CLANG_ANALYZER_NUMBER_OBJECT_CONVERSION = YES_AGGRESSIVE;
				CLANG_CXX_LANGUAGE_STANDARD = "gnu++20";
				CLANG_ENABLE_MODULES = YES;
				CLANG_ENABLE_OBJC_ARC = YES;
				CLANG_ENABLE_OBJC_WEAK = YES;
				CLANG_WARN_BLOCK_CAPTURE_AUTORELEASING = YES;
				CLANG_WARN_BOOL_CONVERSION = YES;
				CLANG_WARN_COMMA = YES;
				CLANG_WARN_CONSTANT_CONVERSION = YES;
				CLANG_WARN_DEPRECATED_OBJC_IMPLEMENTATIONS = YES;
				CLANG_WARN_DIRECT_OBJC_ISA_USAGE = YES_ERROR;
				CLANG_WARN_DOCUMENTATION_COMMENTS = YES;
				CLANG_WARN_EMPTY_BODY = YES;
				CLANG_WARN_ENUM_CONVERSION = YES;
				CLANG_WARN_INFINITE_RECURSION = YES;
				CLANG_WARN_INT_CONVERSION = YES;
				CLANG_WARN_NON_LITERAL_NULL_CONVERSION = YES;
				CLANG_WARN_OBJC_IMPLICIT_RETAIN_SELF = YES;
				CLANG_WARN_OBJC_LITERAL_CONVERSION = YES;
				CLANG_WARN_OBJC_ROOT_CLASS = YES_ERROR;
				CLANG_WARN_QUOTED_INCLUDE_IN_FRAMEWORK_HEADER = YES;
				CLANG_WARN_RANGE_LOOP_ANALYSIS = YES;
				CLANG_WARN_STRICT_PROTOTYPES = YES;
				CLANG_WARN_SUSPICIOUS_MOVE = YES;
				CLANG_WARN_UNGUARDED_AVAILABILITY = YES_AGGRESSIVE;
				CLANG_WARN_UNREACHABLE_CODE = YES;
				CLANG_WARN__DUPLICATE_METHOD_MATCH = YES;
				COPY_PHASE_STRIP = NO;
				DEBUG_INFORMATION_FORMAT = dwarf;
				ENABLE_STRICT_OBJC_MSGSEND = YES;
				ENABLE_TESTABILITY = YES;
				GCC_C_LANGUAGE_STANDARD = gnu11;
				GCC_DYNAMIC_NO_PIC = NO;
				GCC_NO_COMMON_BLOCKS = YES;
				GCC_OPTIMIZATION_LEVEL = 0;
				GCC_PREPROCESSOR_DEFINITIONS = (
					"DEBUG=1",
					"$(inherited)",
				);
				GCC_WARN_64_TO_32_BIT_CONVERSION = YES;
				GCC_WARN_ABOUT_RETURN_TYPE = YES_ERROR;
				GCC_WARN_UNDECLARED_SELECTOR = YES;
				GCC_WARN_UNINITIALIZED_AUTOS = YES_AGGRESSIVE;
				GCC_WARN_UNUSED_FUNCTION = YES;
				GCC_WARN_UNUSED_VARIABLE = YES;
				IPHONEOS_DEPLOYMENT_TARGET = 15.0;
				MTL_ENABLE_DEBUG_INFO = INCLUDE_SOURCE;
				MTL_FAST_MATH = YES;
				ONLY_ACTIVE_ARCH = YES;
				SDKROOT = iphoneos;
				SWIFT_ACTIVE_COMPILATION_CONDITIONS = DEBUG;
				SWIFT_OPTIMIZATION_LEVEL = "-Onone";
			};
			name = Debug;
		};
		473BAE892AA48DAA00968C3C /* Release */ = {
			isa = XCBuildConfiguration;
			buildSettings = {
				ALWAYS_SEARCH_USER_PATHS = NO;
				CLANG_ANALYZER_NONNULL = YES;
				CLANG_ANALYZER_NUMBER_OBJECT_CONVERSION = YES_AGGRESSIVE;
				CLANG_CXX_LANGUAGE_STANDARD = "gnu++20";
				CLANG_ENABLE_MODULES = YES;
				CLANG_ENABLE_OBJC_ARC = YES;
				CLANG_ENABLE_OBJC_WEAK = YES;
				CLANG_WARN_BLOCK_CAPTURE_AUTORELEASING = YES;
				CLANG_WARN_BOOL_CONVERSION = YES;
				CLANG_WARN_COMMA = YES;
				CLANG_WARN_CONSTANT_CONVERSION = YES;
				CLANG_WARN_DEPRECATED_OBJC_IMPLEMENTATIONS = YES;
				CLANG_WARN_DIRECT_OBJC_ISA_USAGE = YES_ERROR;
				CLANG_WARN_DOCUMENTATION_COMMENTS = YES;
				CLANG_WARN_EMPTY_BODY = YES;
				CLANG_WARN_ENUM_CONVERSION = YES;
				CLANG_WARN_INFINITE_RECURSION = YES;
				CLANG_WARN_INT_CONVERSION = YES;
				CLANG_WARN_NON_LITERAL_NULL_CONVERSION = YES;
				CLANG_WARN_OBJC_IMPLICIT_RETAIN_SELF = YES;
				CLANG_WARN_OBJC_LITERAL_CONVERSION = YES;
				CLANG_WARN_OBJC_ROOT_CLASS = YES_ERROR;
				CLANG_WARN_QUOTED_INCLUDE_IN_FRAMEWORK_HEADER = YES;
				CLANG_WARN_RANGE_LOOP_ANALYSIS = YES;
				CLANG_WARN_STRICT_PROTOTYPES = YES;
				CLANG_WARN_SUSPICIOUS_MOVE = YES;
				CLANG_WARN_UNGUARDED_AVAILABILITY = YES_AGGRESSIVE;
				CLANG_WARN_UNREACHABLE_CODE = YES;
				CLANG_WARN__DUPLICATE_METHOD_MATCH = YES;
				COPY_PHASE_STRIP = NO;
				DEBUG_INFORMATION_FORMAT = "dwarf-with-dsym";
				ENABLE_NS_ASSERTIONS = NO;
				ENABLE_STRICT_OBJC_MSGSEND = YES;
				GCC_C_LANGUAGE_STANDARD = gnu11;
				GCC_NO_COMMON_BLOCKS = YES;
				GCC_WARN_64_TO_32_BIT_CONVERSION = YES;
				GCC_WARN_ABOUT_RETURN_TYPE = YES_ERROR;
				GCC_WARN_UNDECLARED_SELECTOR = YES;
				GCC_WARN_UNINITIALIZED_AUTOS = YES_AGGRESSIVE;
				GCC_WARN_UNUSED_FUNCTION = YES;
				GCC_WARN_UNUSED_VARIABLE = YES;
				IPHONEOS_DEPLOYMENT_TARGET = 15.0;
				MTL_ENABLE_DEBUG_INFO = NO;
				MTL_FAST_MATH = YES;
				SDKROOT = iphoneos;
				SWIFT_COMPILATION_MODE = wholemodule;
				SWIFT_OPTIMIZATION_LEVEL = "-O";
				VALIDATE_PRODUCT = YES;
			};
			name = Release;
		};
		473BAE8B2AA48DAA00968C3C /* Debug */ = {
			isa = XCBuildConfiguration;
			buildSettings = {
				ASSETCATALOG_COMPILER_APPICON_NAME = AppIcon;
				ASSETCATALOG_COMPILER_GLOBAL_ACCENT_COLOR_NAME = AccentColor;
				CODE_SIGN_STYLE = Automatic;
				CURRENT_PROJECT_VERSION = 1;
				DEVELOPMENT_ASSET_PATHS = "\"LexueSwiftUI/Preview Content\"";
				DEVELOPMENT_TEAM = JH8TK4886U;
				ENABLE_PREVIEWS = YES;
				GENERATE_INFOPLIST_FILE = YES;
				INFOPLIST_KEY_CFBundleDisplayName = "乐学助手";
				INFOPLIST_KEY_LSApplicationCategoryType = "public.app-category.education";
				INFOPLIST_KEY_UIApplicationSceneManifest_Generation = YES;
				INFOPLIST_KEY_UIApplicationSupportsIndirectInputEvents = YES;
				INFOPLIST_KEY_UILaunchScreen_Generation = YES;
				INFOPLIST_KEY_UISupportedInterfaceOrientations_iPad = "UIInterfaceOrientationPortrait UIInterfaceOrientationPortraitUpsideDown UIInterfaceOrientationLandscapeLeft UIInterfaceOrientationLandscapeRight";
				INFOPLIST_KEY_UISupportedInterfaceOrientations_iPhone = "UIInterfaceOrientationPortrait UIInterfaceOrientationLandscapeLeft UIInterfaceOrientationLandscapeRight";
				IPHONEOS_DEPLOYMENT_TARGET = 15.0;
				LD_RUNPATH_SEARCH_PATHS = (
					"$(inherited)",
					"@executable_path/Frameworks",
				);
				MARKETING_VERSION = 1.0;
				PRODUCT_BUNDLE_IDENTIFIER = cn.bobh.LexueSwiftUI;
				PRODUCT_NAME = "$(TARGET_NAME)";
				SWIFT_EMIT_LOC_STRINGS = YES;
				SWIFT_VERSION = 5.0;
				TARGETED_DEVICE_FAMILY = "1,2";
			};
			name = Debug;
		};
		473BAE8C2AA48DAA00968C3C /* Release */ = {
			isa = XCBuildConfiguration;
			buildSettings = {
				ASSETCATALOG_COMPILER_APPICON_NAME = AppIcon;
				ASSETCATALOG_COMPILER_GLOBAL_ACCENT_COLOR_NAME = AccentColor;
				CODE_SIGN_STYLE = Automatic;
				CURRENT_PROJECT_VERSION = 1;
				DEVELOPMENT_ASSET_PATHS = "\"LexueSwiftUI/Preview Content\"";
				DEVELOPMENT_TEAM = JH8TK4886U;
				ENABLE_PREVIEWS = YES;
				GENERATE_INFOPLIST_FILE = YES;
				INFOPLIST_KEY_CFBundleDisplayName = "乐学助手";
				INFOPLIST_KEY_LSApplicationCategoryType = "public.app-category.education";
				INFOPLIST_KEY_UIApplicationSceneManifest_Generation = YES;
				INFOPLIST_KEY_UIApplicationSupportsIndirectInputEvents = YES;
				INFOPLIST_KEY_UILaunchScreen_Generation = YES;
				INFOPLIST_KEY_UISupportedInterfaceOrientations_iPad = "UIInterfaceOrientationPortrait UIInterfaceOrientationPortraitUpsideDown UIInterfaceOrientationLandscapeLeft UIInterfaceOrientationLandscapeRight";
				INFOPLIST_KEY_UISupportedInterfaceOrientations_iPhone = "UIInterfaceOrientationPortrait UIInterfaceOrientationLandscapeLeft UIInterfaceOrientationLandscapeRight";
				IPHONEOS_DEPLOYMENT_TARGET = 15.0;
				LD_RUNPATH_SEARCH_PATHS = (
					"$(inherited)",
					"@executable_path/Frameworks",
				);
				MARKETING_VERSION = 1.0;
				PRODUCT_BUNDLE_IDENTIFIER = cn.bobh.LexueSwiftUI;
				PRODUCT_NAME = "$(TARGET_NAME)";
				SWIFT_EMIT_LOC_STRINGS = YES;
				SWIFT_VERSION = 5.0;
				TARGETED_DEVICE_FAMILY = "1,2";
			};
			name = Release;
		};
/* End XCBuildConfiguration section */

/* Begin XCConfigurationList section */
		473BAE772AA48DAA00968C3C /* Build configuration list for PBXProject "LexueSwiftUI" */ = {
			isa = XCConfigurationList;
			buildConfigurations = (
				473BAE882AA48DAA00968C3C /* Debug */,
				473BAE892AA48DAA00968C3C /* Release */,
			);
			defaultConfigurationIsVisible = 0;
			defaultConfigurationName = Release;
		};
		473BAE8A2AA48DAA00968C3C /* Build configuration list for PBXNativeTarget "LexueSwiftUI" */ = {
			isa = XCConfigurationList;
			buildConfigurations = (
				473BAE8B2AA48DAA00968C3C /* Debug */,
				473BAE8C2AA48DAA00968C3C /* Release */,
			);
			defaultConfigurationIsVisible = 0;
			defaultConfigurationName = Release;
		};
/* End XCConfigurationList section */

/* Begin XCRemoteSwiftPackageReference section */
		474C9B742AA4D51D0064B5AF /* XCRemoteSwiftPackageReference "SearchBarView" */ = {
			isa = XCRemoteSwiftPackageReference;
			repositoryURL = "git@github.com:rebeloper/SearchBarView.git";
			requirement = {
				kind = upToNextMajorVersion;
				minimumVersion = 0.1.9;
			};
		};
/* End XCRemoteSwiftPackageReference section */

/* Begin XCSwiftPackageProductDependency section */
		474C9B752AA4D51D0064B5AF /* SearchBarView */ = {
			isa = XCSwiftPackageProductDependency;
			package = 474C9B742AA4D51D0064B5AF /* XCRemoteSwiftPackageReference "SearchBarView" */;
			productName = SearchBarView;
		};
/* End XCSwiftPackageProductDependency section */
	};
	rootObject = 473BAE742AA48DAA00968C3C /* Project object */;
}
