// !$*UTF8*$!
{
	archiveVersion = 1;
	classes = {
	};
	objectVersion = 56;
	objects = {

/* Begin PBXBuildFile section */
		472984A02AA706BB000814EE /* Extensions.swift in Sources */ = {isa = PBXBuildFile; fileRef = 4729849F2AA706BB000814EE /* Extensions.swift */; };
		473BAE802AA48DAA00968C3C /* LexueSwiftUIApp.swift in Sources */ = {isa = PBXBuildFile; fileRef = 473BAE7F2AA48DAA00968C3C /* LexueSwiftUIApp.swift */; };
		473BAE822AA48DAA00968C3C /* ContentView.swift in Sources */ = {isa = PBXBuildFile; fileRef = 473BAE812AA48DAA00968C3C /* ContentView.swift */; };
		473BAE842AA48DAA00968C3C /* Assets.xcassets in Resources */ = {isa = PBXBuildFile; fileRef = 473BAE832AA48DAA00968C3C /* Assets.xcassets */; };
		473BAE872AA48DAA00968C3C /* Preview Assets.xcassets in Resources */ = {isa = PBXBuildFile; fileRef = 473BAE862AA48DAA00968C3C /* Preview Assets.xcassets */; };
		473BAE942AA4969F00968C3C /* SettingView.swift in Sources */ = {isa = PBXBuildFile; fileRef = 473BAE932AA4969F00968C3C /* SettingView.swift */; };
		473BAE962AA496AE00968C3C /* CourseListView.swift in Sources */ = {isa = PBXBuildFile; fileRef = 473BAE952AA496AE00968C3C /* CourseListView.swift */; };
		473BAE982AA496B800968C3C /* MessageListView.swift in Sources */ = {isa = PBXBuildFile; fileRef = 473BAE972AA496B800968C3C /* MessageListView.swift */; };
		473BAE9C2AA4C13B00968C3C /* SettingStorage.swift in Sources */ = {isa = PBXBuildFile; fileRef = 473BAE9B2AA4C13B00968C3C /* SettingStorage.swift */; };
		473BAE9E2AA4C16D00968C3C /* GlobalVariables.swift in Sources */ = {isa = PBXBuildFile; fileRef = 473BAE9D2AA4C16D00968C3C /* GlobalVariables.swift */; };
		474515132AAB641700CCF24E /* ContactDetailView.swift in Sources */ = {isa = PBXBuildFile; fileRef = 474515122AAB641700CCF24E /* ContactDetailView.swift */; };
		474C9B792AA4E38D0064B5AF /* DDLListView.swift in Sources */ = {isa = PBXBuildFile; fileRef = 474C9B782AA4E38D0064B5AF /* DDLListView.swift */; };
		475AFEF62AAF560A00C4020F /* BITLogin.swift in Sources */ = {isa = PBXBuildFile; fileRef = 475AFEF52AAF560A00C4020F /* BITLogin.swift */; };
		475AFEF92AAF61C900C4020F /* Alamofire in Frameworks */ = {isa = PBXBuildFile; productRef = 475AFEF82AAF61C900C4020F /* Alamofire */; };
		475AFEFB2AAF61ED00C4020F /* AFRequest.swift in Sources */ = {isa = PBXBuildFile; fileRef = 475AFEFA2AAF61ED00C4020F /* AFRequest.swift */; };
		475AFEFE2AAF68E100C4020F /* SwiftSoup in Frameworks */ = {isa = PBXBuildFile; productRef = 475AFEFD2AAF68E100C4020F /* SwiftSoup */; };
		479839DB2AA9FCD40094C5E1 /* ContactDisplayModel.swift in Sources */ = {isa = PBXBuildFile; fileRef = 479839DA2AA9FCD40094C5E1 /* ContactDisplayModel.swift */; };
		479839DE2AAA2B9B0094C5E1 /* ImageViewer in Frameworks */ = {isa = PBXBuildFile; productRef = 479839DD2AAA2B9B0094C5E1 /* ImageViewer */; };
		479839E02AAA2B9B0094C5E1 /* ImageViewerRemote in Frameworks */ = {isa = PBXBuildFile; productRef = 479839DF2AAA2B9B0094C5E1 /* ImageViewerRemote */; };
		4799C8152AA6235C00F812D6 /* ContactsManager.swift in Sources */ = {isa = PBXBuildFile; fileRef = 4799C8142AA6235C00F812D6 /* ContactsManager.swift */; };
		4799C8172AA6237500F812D6 /* CourseManager.swift in Sources */ = {isa = PBXBuildFile; fileRef = 4799C8162AA6237500F812D6 /* CourseManager.swift */; };
		4799C8192AA6239800F812D6 /* MessageDetailView.swift in Sources */ = {isa = PBXBuildFile; fileRef = 4799C8182AA6239800F812D6 /* MessageDetailView.swift */; };
		4799C81B2AA62CDB00F812D6 /* ContactMessageModel.swift in Sources */ = {isa = PBXBuildFile; fileRef = 4799C81A2AA62CDB00F812D6 /* ContactMessageModel.swift */; };
		47A927812AA77E6500ABDC53 /* MessageModel.xcdatamodeld in Sources */ = {isa = PBXBuildFile; fileRef = 47A9277F2AA77E6500ABDC53 /* MessageModel.xcdatamodeld */; };
		47A927832AA77FDA00ABDC53 /* DataController.swift in Sources */ = {isa = PBXBuildFile; fileRef = 47A927822AA77FDA00ABDC53 /* DataController.swift */; };
		47A927852AA7836300ABDC53 /* MessageManager.swift in Sources */ = {isa = PBXBuildFile; fileRef = 47A927842AA7836300ABDC53 /* MessageManager.swift */; };
		47A927892AA786ED00ABDC53 /* DebugDataView.swift in Sources */ = {isa = PBXBuildFile; fileRef = 47A927882AA786ED00ABDC53 /* DebugDataView.swift */; };
		47CBA2412AA5CF32009F9242 /* CourseShortInfo.swift in Sources */ = {isa = PBXBuildFile; fileRef = 47CBA2402AA5CF32009F9242 /* CourseShortInfo.swift */; };
/* End PBXBuildFile section */

/* Begin PBXCopyFilesBuildPhase section */
		474D77A52AA6410A007F8188 /* Embed Frameworks */ = {
			isa = PBXCopyFilesBuildPhase;
			buildActionMask = 2147483647;
			dstPath = "";
			dstSubfolderSpec = 10;
			files = (
			);
			name = "Embed Frameworks";
			runOnlyForDeploymentPostprocessing = 0;
		};
/* End PBXCopyFilesBuildPhase section */

/* Begin PBXFileReference section */
		4729849F2AA706BB000814EE /* Extensions.swift */ = {isa = PBXFileReference; lastKnownFileType = sourcecode.swift; path = Extensions.swift; sourceTree = "<group>"; };
		473BAE7C2AA48DAA00968C3C /* LexueSwiftUI.app */ = {isa = PBXFileReference; explicitFileType = wrapper.application; includeInIndex = 0; path = LexueSwiftUI.app; sourceTree = BUILT_PRODUCTS_DIR; };
		473BAE7F2AA48DAA00968C3C /* LexueSwiftUIApp.swift */ = {isa = PBXFileReference; lastKnownFileType = sourcecode.swift; path = LexueSwiftUIApp.swift; sourceTree = "<group>"; };
		473BAE812AA48DAA00968C3C /* ContentView.swift */ = {isa = PBXFileReference; lastKnownFileType = sourcecode.swift; path = ContentView.swift; sourceTree = "<group>"; };
		473BAE832AA48DAA00968C3C /* Assets.xcassets */ = {isa = PBXFileReference; lastKnownFileType = folder.assetcatalog; path = Assets.xcassets; sourceTree = "<group>"; };
		473BAE862AA48DAA00968C3C /* Preview Assets.xcassets */ = {isa = PBXFileReference; lastKnownFileType = folder.assetcatalog; path = "Preview Assets.xcassets"; sourceTree = "<group>"; };
		473BAE932AA4969F00968C3C /* SettingView.swift */ = {isa = PBXFileReference; lastKnownFileType = sourcecode.swift; path = SettingView.swift; sourceTree = "<group>"; };
		473BAE952AA496AE00968C3C /* CourseListView.swift */ = {isa = PBXFileReference; lastKnownFileType = sourcecode.swift; path = CourseListView.swift; sourceTree = "<group>"; };
		473BAE972AA496B800968C3C /* MessageListView.swift */ = {isa = PBXFileReference; lastKnownFileType = sourcecode.swift; path = MessageListView.swift; sourceTree = "<group>"; };
		473BAE9B2AA4C13B00968C3C /* SettingStorage.swift */ = {isa = PBXFileReference; lastKnownFileType = sourcecode.swift; path = SettingStorage.swift; sourceTree = "<group>"; };
		473BAE9D2AA4C16D00968C3C /* GlobalVariables.swift */ = {isa = PBXFileReference; lastKnownFileType = sourcecode.swift; path = GlobalVariables.swift; sourceTree = "<group>"; };
		474515122AAB641700CCF24E /* ContactDetailView.swift */ = {isa = PBXFileReference; lastKnownFileType = sourcecode.swift; path = ContactDetailView.swift; sourceTree = "<group>"; };
		474C9B782AA4E38D0064B5AF /* DDLListView.swift */ = {isa = PBXFileReference; lastKnownFileType = sourcecode.swift; path = DDLListView.swift; sourceTree = "<group>"; };
		475AFEF52AAF560A00C4020F /* BITLogin.swift */ = {isa = PBXFileReference; lastKnownFileType = sourcecode.swift; path = BITLogin.swift; sourceTree = "<group>"; };
		475AFEFA2AAF61ED00C4020F /* AFRequest.swift */ = {isa = PBXFileReference; lastKnownFileType = sourcecode.swift; path = AFRequest.swift; sourceTree = "<group>"; };
		479839DA2AA9FCD40094C5E1 /* ContactDisplayModel.swift */ = {isa = PBXFileReference; lastKnownFileType = sourcecode.swift; path = ContactDisplayModel.swift; sourceTree = "<group>"; };
		4799C8142AA6235C00F812D6 /* ContactsManager.swift */ = {isa = PBXFileReference; lastKnownFileType = sourcecode.swift; path = ContactsManager.swift; sourceTree = "<group>"; };
		4799C8162AA6237500F812D6 /* CourseManager.swift */ = {isa = PBXFileReference; lastKnownFileType = sourcecode.swift; path = CourseManager.swift; sourceTree = "<group>"; };
		4799C8182AA6239800F812D6 /* MessageDetailView.swift */ = {isa = PBXFileReference; lastKnownFileType = sourcecode.swift; path = MessageDetailView.swift; sourceTree = "<group>"; };
		4799C81A2AA62CDB00F812D6 /* ContactMessageModel.swift */ = {isa = PBXFileReference; lastKnownFileType = sourcecode.swift; path = ContactMessageModel.swift; sourceTree = "<group>"; };
		47A927802AA77E6500ABDC53 /* MessageModel.xcdatamodel */ = {isa = PBXFileReference; lastKnownFileType = wrapper.xcdatamodel; path = MessageModel.xcdatamodel; sourceTree = "<group>"; };
		47A927822AA77FDA00ABDC53 /* DataController.swift */ = {isa = PBXFileReference; lastKnownFileType = sourcecode.swift; path = DataController.swift; sourceTree = "<group>"; };
		47A927842AA7836300ABDC53 /* MessageManager.swift */ = {isa = PBXFileReference; lastKnownFileType = sourcecode.swift; path = MessageManager.swift; sourceTree = "<group>"; };
		47A927882AA786ED00ABDC53 /* DebugDataView.swift */ = {isa = PBXFileReference; lastKnownFileType = sourcecode.swift; path = DebugDataView.swift; sourceTree = "<group>"; };
		47CBA2402AA5CF32009F9242 /* CourseShortInfo.swift */ = {isa = PBXFileReference; lastKnownFileType = sourcecode.swift; path = CourseShortInfo.swift; sourceTree = "<group>"; };
/* End PBXFileReference section */

/* Begin PBXFrameworksBuildPhase section */
		473BAE792AA48DAA00968C3C /* Frameworks */ = {
			isa = PBXFrameworksBuildPhase;
			buildActionMask = 2147483647;
			files = (
				475AFEF92AAF61C900C4020F /* Alamofire in Frameworks */,
				475AFEFE2AAF68E100C4020F /* SwiftSoup in Frameworks */,
				479839E02AAA2B9B0094C5E1 /* ImageViewerRemote in Frameworks */,
				479839DE2AAA2B9B0094C5E1 /* ImageViewer in Frameworks */,
			);
			runOnlyForDeploymentPostprocessing = 0;
		};
/* End PBXFrameworksBuildPhase section */

/* Begin PBXGroup section */
		473BAE732AA48DAA00968C3C = {
			isa = PBXGroup;
			children = (
				473BAE7E2AA48DAA00968C3C /* LexueSwiftUI */,
				473BAE7D2AA48DAA00968C3C /* Products */,
			);
			sourceTree = "<group>";
		};
		473BAE7D2AA48DAA00968C3C /* Products */ = {
			isa = PBXGroup;
			children = (
				473BAE7C2AA48DAA00968C3C /* LexueSwiftUI.app */,
			);
			name = Products;
			sourceTree = "<group>";
		};
		473BAE7E2AA48DAA00968C3C /* LexueSwiftUI */ = {
			isa = PBXGroup;
			children = (
				47CBA23F2AA5CE2F009F9242 /* Models */,
				473BAE922AA48E9500968C3C /* Managers */,
				473BAE912AA48E8200968C3C /* Network */,
				473BAE8D2AA48E4300968C3C /* Views */,
				473BAE7F2AA48DAA00968C3C /* LexueSwiftUIApp.swift */,
				473BAE832AA48DAA00968C3C /* Assets.xcassets */,
				473BAE852AA48DAA00968C3C /* Preview Content */,
				473BAE9D2AA4C16D00968C3C /* GlobalVariables.swift */,
				4729849F2AA706BB000814EE /* Extensions.swift */,
			);
			path = LexueSwiftUI;
			sourceTree = "<group>";
		};
		473BAE852AA48DAA00968C3C /* Preview Content */ = {
			isa = PBXGroup;
			children = (
				473BAE862AA48DAA00968C3C /* Preview Assets.xcassets */,
			);
			path = "Preview Content";
			sourceTree = "<group>";
		};
		473BAE8D2AA48E4300968C3C /* Views */ = {
			isa = PBXGroup;
			children = (
				473BAE8E2AA48E5100968C3C /* Message */,
				473BAE8F2AA48E6000968C3C /* Course */,
				473BAE902AA48E6700968C3C /* Setting */,
				474C9B772AA4E3680064B5AF /* DDLList */,
				473BAE812AA48DAA00968C3C /* ContentView.swift */,
			);
			path = Views;
			sourceTree = "<group>";
		};
		473BAE8E2AA48E5100968C3C /* Message */ = {
			isa = PBXGroup;
			children = (
				473BAE972AA496B800968C3C /* MessageListView.swift */,
				4799C8182AA6239800F812D6 /* MessageDetailView.swift */,
				474515122AAB641700CCF24E /* ContactDetailView.swift */,
			);
			path = Message;
			sourceTree = "<group>";
		};
		473BAE8F2AA48E6000968C3C /* Course */ = {
			isa = PBXGroup;
			children = (
				473BAE952AA496AE00968C3C /* CourseListView.swift */,
			);
			path = Course;
			sourceTree = "<group>";
		};
		473BAE902AA48E6700968C3C /* Setting */ = {
			isa = PBXGroup;
			children = (
				473BAE932AA4969F00968C3C /* SettingView.swift */,
				47A927882AA786ED00ABDC53 /* DebugDataView.swift */,
			);
			path = Setting;
			sourceTree = "<group>";
		};
		473BAE912AA48E8200968C3C /* Network */ = {
			isa = PBXGroup;
			children = (
				475AFEF52AAF560A00C4020F /* BITLogin.swift */,
				475AFEFA2AAF61ED00C4020F /* AFRequest.swift */,
			);
			path = Network;
			sourceTree = "<group>";
		};
		473BAE922AA48E9500968C3C /* Managers */ = {
			isa = PBXGroup;
			children = (
				473BAE9B2AA4C13B00968C3C /* SettingStorage.swift */,
				4799C8142AA6235C00F812D6 /* ContactsManager.swift */,
				4799C8162AA6237500F812D6 /* CourseManager.swift */,
				47A927842AA7836300ABDC53 /* MessageManager.swift */,
			);
			path = Managers;
			sourceTree = "<group>";
		};
		474C9B772AA4E3680064B5AF /* DDLList */ = {
			isa = PBXGroup;
			children = (
				474C9B782AA4E38D0064B5AF /* DDLListView.swift */,
			);
			path = DDLList;
			sourceTree = "<group>";
		};
		47CBA23F2AA5CE2F009F9242 /* Models */ = {
			isa = PBXGroup;
			children = (
				47CBA2402AA5CF32009F9242 /* CourseShortInfo.swift */,
				4799C81A2AA62CDB00F812D6 /* ContactMessageModel.swift */,
				47A9277F2AA77E6500ABDC53 /* MessageModel.xcdatamodeld */,
				47A927822AA77FDA00ABDC53 /* DataController.swift */,
				479839DA2AA9FCD40094C5E1 /* ContactDisplayModel.swift */,
			);
			path = Models;
			sourceTree = "<group>";
		};
/* End PBXGroup section */

/* Begin PBXNativeTarget section */
		473BAE7B2AA48DAA00968C3C /* LexueSwiftUI */ = {
			isa = PBXNativeTarget;
			buildConfigurationList = 473BAE8A2AA48DAA00968C3C /* Build configuration list for PBXNativeTarget "LexueSwiftUI" */;
			buildPhases = (
				473BAE782AA48DAA00968C3C /* Sources */,
				473BAE792AA48DAA00968C3C /* Frameworks */,
				473BAE7A2AA48DAA00968C3C /* Resources */,
				474D77A52AA6410A007F8188 /* Embed Frameworks */,
			);
			buildRules = (
			);
			dependencies = (
			);
			name = LexueSwiftUI;
			packageProductDependencies = (
				479839DD2AAA2B9B0094C5E1 /* ImageViewer */,
				479839DF2AAA2B9B0094C5E1 /* ImageViewerRemote */,
				475AFEF82AAF61C900C4020F /* Alamofire */,
				475AFEFD2AAF68E100C4020F /* SwiftSoup */,
			);
			productName = LexueSwiftUI;
			productReference = 473BAE7C2AA48DAA00968C3C /* LexueSwiftUI.app */;
			productType = "com.apple.product-type.application";
		};
/* End PBXNativeTarget section */

/* Begin PBXProject section */
		473BAE742AA48DAA00968C3C /* Project object */ = {
			isa = PBXProject;
			attributes = {
				BuildIndependentTargetsInParallel = 1;
				LastSwiftUpdateCheck = 1420;
				LastUpgradeCheck = 1420;
				TargetAttributes = {
					473BAE7B2AA48DAA00968C3C = {
						CreatedOnToolsVersion = 14.2;
					};
				};
			};
			buildConfigurationList = 473BAE772AA48DAA00968C3C /* Build configuration list for PBXProject "LexueSwiftUI" */;
			compatibilityVersion = "Xcode 14.0";
			developmentRegion = "zh-Hans";
			hasScannedForEncodings = 0;
			knownRegions = (
				en,
				Base,
				"zh-Hans",
			);
			mainGroup = 473BAE732AA48DAA00968C3C;
			packageReferences = (
				479839DC2AAA2B9B0094C5E1 /* XCRemoteSwiftPackageReference "swiftui-image-viewer" */,
				475AFEF72AAF61C900C4020F /* XCRemoteSwiftPackageReference "Alamofire" */,
				475AFEFC2AAF68E100C4020F /* XCRemoteSwiftPackageReference "SwiftSoup" */,
			);
			productRefGroup = 473BAE7D2AA48DAA00968C3C /* Products */;
			projectDirPath = "";
			projectRoot = "";
			targets = (
				473BAE7B2AA48DAA00968C3C /* LexueSwiftUI */,
			);
		};
/* End PBXProject section */

/* Begin PBXResourcesBuildPhase section */
		473BAE7A2AA48DAA00968C3C /* Resources */ = {
			isa = PBXResourcesBuildPhase;
			buildActionMask = 2147483647;
			files = (
				473BAE872AA48DAA00968C3C /* Preview Assets.xcassets in Resources */,
				473BAE842AA48DAA00968C3C /* Assets.xcassets in Resources */,
			);
			runOnlyForDeploymentPostprocessing = 0;
		};
/* End PBXResourcesBuildPhase section */

/* Begin PBXSourcesBuildPhase section */
		473BAE782AA48DAA00968C3C /* Sources */ = {
			isa = PBXSourcesBuildPhase;
			buildActionMask = 2147483647;
			files = (
				473BAE9C2AA4C13B00968C3C /* SettingStorage.swift in Sources */,
				4799C8192AA6239800F812D6 /* MessageDetailView.swift in Sources */,
				473BAE942AA4969F00968C3C /* SettingView.swift in Sources */,
				473BAE822AA48DAA00968C3C /* ContentView.swift in Sources */,
				473BAE802AA48DAA00968C3C /* LexueSwiftUIApp.swift in Sources */,
				473BAE9E2AA4C16D00968C3C /* GlobalVariables.swift in Sources */,
				473BAE982AA496B800968C3C /* MessageListView.swift in Sources */,
				4799C8152AA6235C00F812D6 /* ContactsManager.swift in Sources */,
				4799C8172AA6237500F812D6 /* CourseManager.swift in Sources */,
				47CBA2412AA5CF32009F9242 /* CourseShortInfo.swift in Sources */,
				47A927892AA786ED00ABDC53 /* DebugDataView.swift in Sources */,
				474515132AAB641700CCF24E /* ContactDetailView.swift in Sources */,
				47A927812AA77E6500ABDC53 /* MessageModel.xcdatamodeld in Sources */,
				475AFEF62AAF560A00C4020F /* BITLogin.swift in Sources */,
				475AFEFB2AAF61ED00C4020F /* AFRequest.swift in Sources */,
				47A927852AA7836300ABDC53 /* MessageManager.swift in Sources */,
				473BAE962AA496AE00968C3C /* CourseListView.swift in Sources */,
				474C9B792AA4E38D0064B5AF /* DDLListView.swift in Sources */,
				47A927832AA77FDA00ABDC53 /* DataController.swift in Sources */,
				479839DB2AA9FCD40094C5E1 /* ContactDisplayModel.swift in Sources */,
				4799C81B2AA62CDB00F812D6 /* ContactMessageModel.swift in Sources */,
				472984A02AA706BB000814EE /* Extensions.swift in Sources */,
			);
			runOnlyForDeploymentPostprocessing = 0;
		};
/* End PBXSourcesBuildPhase section */

/* Begin XCBuildConfiguration section */
		473BAE882AA48DAA00968C3C /* Debug */ = {
			isa = XCBuildConfiguration;
			buildSettings = {
				ALWAYS_SEARCH_USER_PATHS = NO;
				CLANG_ANALYZER_NONNULL = YES;
				CLANG_ANALYZER_NUMBER_OBJECT_CONVERSION = YES_AGGRESSIVE;
				CLANG_CXX_LANGUAGE_STANDARD = "gnu++20";
				CLANG_ENABLE_MODULES = YES;
				CLANG_ENABLE_OBJC_ARC = YES;
				CLANG_ENABLE_OBJC_WEAK = YES;
				CLANG_WARN_BLOCK_CAPTURE_AUTORELEASING = YES;
				CLANG_WARN_BOOL_CONVERSION = YES;
				CLANG_WARN_COMMA = YES;
				CLANG_WARN_CONSTANT_CONVERSION = YES;
				CLANG_WARN_DEPRECATED_OBJC_IMPLEMENTATIONS = YES;
				CLANG_WARN_DIRECT_OBJC_ISA_USAGE = YES_ERROR;
				CLANG_WARN_DOCUMENTATION_COMMENTS = YES;
				CLANG_WARN_EMPTY_BODY = YES;
				CLANG_WARN_ENUM_CONVERSION = YES;
				CLANG_WARN_INFINITE_RECURSION = YES;
				CLANG_WARN_INT_CONVERSION = YES;
				CLANG_WARN_NON_LITERAL_NULL_CONVERSION = YES;
				CLANG_WARN_OBJC_IMPLICIT_RETAIN_SELF = YES;
				CLANG_WARN_OBJC_LITERAL_CONVERSION = YES;
				CLANG_WARN_OBJC_ROOT_CLASS = YES_ERROR;
				CLANG_WARN_QUOTED_INCLUDE_IN_FRAMEWORK_HEADER = YES;
				CLANG_WARN_RANGE_LOOP_ANALYSIS = YES;
				CLANG_WARN_STRICT_PROTOTYPES = YES;
				CLANG_WARN_SUSPICIOUS_MOVE = YES;
				CLANG_WARN_UNGUARDED_AVAILABILITY = YES_AGGRESSIVE;
				CLANG_WARN_UNREACHABLE_CODE = YES;
				CLANG_WARN__DUPLICATE_METHOD_MATCH = YES;
				COPY_PHASE_STRIP = NO;
				DEBUG_INFORMATION_FORMAT = dwarf;
				ENABLE_STRICT_OBJC_MSGSEND = YES;
				ENABLE_TESTABILITY = YES;
				GCC_C_LANGUAGE_STANDARD = gnu11;
				GCC_DYNAMIC_NO_PIC = NO;
				GCC_NO_COMMON_BLOCKS = YES;
				GCC_OPTIMIZATION_LEVEL = 0;
				GCC_PREPROCESSOR_DEFINITIONS = (
					"DEBUG=1",
					"$(inherited)",
				);
				GCC_WARN_64_TO_32_BIT_CONVERSION = YES;
				GCC_WARN_ABOUT_RETURN_TYPE = YES_ERROR;
				GCC_WARN_UNDECLARED_SELECTOR = YES;
				GCC_WARN_UNINITIALIZED_AUTOS = YES_AGGRESSIVE;
				GCC_WARN_UNUSED_FUNCTION = YES;
				GCC_WARN_UNUSED_VARIABLE = YES;
				IPHONEOS_DEPLOYMENT_TARGET = 15.0;
				MTL_ENABLE_DEBUG_INFO = INCLUDE_SOURCE;
				MTL_FAST_MATH = YES;
				ONLY_ACTIVE_ARCH = YES;
				SDKROOT = iphoneos;
				SWIFT_ACTIVE_COMPILATION_CONDITIONS = DEBUG;
				SWIFT_OPTIMIZATION_LEVEL = "-Onone";
			};
			name = Debug;
		};
		473BAE892AA48DAA00968C3C /* Release */ = {
			isa = XCBuildConfiguration;
			buildSettings = {
				ALWAYS_SEARCH_USER_PATHS = NO;
				CLANG_ANALYZER_NONNULL = YES;
				CLANG_ANALYZER_NUMBER_OBJECT_CONVERSION = YES_AGGRESSIVE;
				CLANG_CXX_LANGUAGE_STANDARD = "gnu++20";
				CLANG_ENABLE_MODULES = YES;
				CLANG_ENABLE_OBJC_ARC = YES;
				CLANG_ENABLE_OBJC_WEAK = YES;
				CLANG_WARN_BLOCK_CAPTURE_AUTORELEASING = YES;
				CLANG_WARN_BOOL_CONVERSION = YES;
				CLANG_WARN_COMMA = YES;
				CLANG_WARN_CONSTANT_CONVERSION = YES;
				CLANG_WARN_DEPRECATED_OBJC_IMPLEMENTATIONS = YES;
				CLANG_WARN_DIRECT_OBJC_ISA_USAGE = YES_ERROR;
				CLANG_WARN_DOCUMENTATION_COMMENTS = YES;
				CLANG_WARN_EMPTY_BODY = YES;
				CLANG_WARN_ENUM_CONVERSION = YES;
				CLANG_WARN_INFINITE_RECURSION = YES;
				CLANG_WARN_INT_CONVERSION = YES;
				CLANG_WARN_NON_LITERAL_NULL_CONVERSION = YES;
				CLANG_WARN_OBJC_IMPLICIT_RETAIN_SELF = YES;
				CLANG_WARN_OBJC_LITERAL_CONVERSION = YES;
				CLANG_WARN_OBJC_ROOT_CLASS = YES_ERROR;
				CLANG_WARN_QUOTED_INCLUDE_IN_FRAMEWORK_HEADER = YES;
				CLANG_WARN_RANGE_LOOP_ANALYSIS = YES;
				CLANG_WARN_STRICT_PROTOTYPES = YES;
				CLANG_WARN_SUSPICIOUS_MOVE = YES;
				CLANG_WARN_UNGUARDED_AVAILABILITY = YES_AGGRESSIVE;
				CLANG_WARN_UNREACHABLE_CODE = YES;
				CLANG_WARN__DUPLICATE_METHOD_MATCH = YES;
				COPY_PHASE_STRIP = NO;
				DEBUG_INFORMATION_FORMAT = "dwarf-with-dsym";
				ENABLE_NS_ASSERTIONS = NO;
				ENABLE_STRICT_OBJC_MSGSEND = YES;
				GCC_C_LANGUAGE_STANDARD = gnu11;
				GCC_NO_COMMON_BLOCKS = YES;
				GCC_WARN_64_TO_32_BIT_CONVERSION = YES;
				GCC_WARN_ABOUT_RETURN_TYPE = YES_ERROR;
				GCC_WARN_UNDECLARED_SELECTOR = YES;
				GCC_WARN_UNINITIALIZED_AUTOS = YES_AGGRESSIVE;
				GCC_WARN_UNUSED_FUNCTION = YES;
				GCC_WARN_UNUSED_VARIABLE = YES;
				IPHONEOS_DEPLOYMENT_TARGET = 15.0;
				MTL_ENABLE_DEBUG_INFO = NO;
				MTL_FAST_MATH = YES;
				SDKROOT = iphoneos;
				SWIFT_COMPILATION_MODE = wholemodule;
				SWIFT_OPTIMIZATION_LEVEL = "-O";
				VALIDATE_PRODUCT = YES;
			};
			name = Release;
		};
		473BAE8B2AA48DAA00968C3C /* Debug */ = {
			isa = XCBuildConfiguration;
			buildSettings = {
				ASSETCATALOG_COMPILER_APPICON_NAME = AppIcon;
				ASSETCATALOG_COMPILER_GLOBAL_ACCENT_COLOR_NAME = AccentColor;
				CODE_SIGN_STYLE = Automatic;
				CURRENT_PROJECT_VERSION = 1;
				DEVELOPMENT_ASSET_PATHS = "\"LexueSwiftUI/Preview Content\"";
				DEVELOPMENT_TEAM = JH8TK4886U;
				ENABLE_PREVIEWS = YES;
				GENERATE_INFOPLIST_FILE = YES;
				INFOPLIST_FILE = LexueSwiftUI/Info.plist;
				INFOPLIST_KEY_CFBundleDisplayName = "乐学助手";
				INFOPLIST_KEY_LSApplicationCategoryType = "public.app-category.education";
				INFOPLIST_KEY_NSPhotoLibraryAddUsageDescription = "需要访问你的相册以存储照片";
				INFOPLIST_KEY_UIApplicationSceneManifest_Generation = YES;
				INFOPLIST_KEY_UIApplicationSupportsIndirectInputEvents = YES;
				INFOPLIST_KEY_UILaunchScreen_Generation = YES;
				INFOPLIST_KEY_UISupportedInterfaceOrientations_iPad = "UIInterfaceOrientationPortrait UIInterfaceOrientationPortraitUpsideDown UIInterfaceOrientationLandscapeLeft UIInterfaceOrientationLandscapeRight";
				INFOPLIST_KEY_UISupportedInterfaceOrientations_iPhone = "UIInterfaceOrientationPortrait UIInterfaceOrientationLandscapeLeft UIInterfaceOrientationLandscapeRight";
				IPHONEOS_DEPLOYMENT_TARGET = 15.0;
				LD_RUNPATH_SEARCH_PATHS = (
					"$(inherited)",
					"@executable_path/Frameworks",
				);
				MARKETING_VERSION = 1.0;
				PRODUCT_BUNDLE_IDENTIFIER = cn.bobh.LexueSwiftUI;
				PRODUCT_NAME = "$(TARGET_NAME)";
				SWIFT_EMIT_LOC_STRINGS = YES;
				SWIFT_VERSION = 5.0;
				TARGETED_DEVICE_FAMILY = "1,2";
			};
			name = Debug;
		};
		473BAE8C2AA48DAA00968C3C /* Release */ = {
			isa = XCBuildConfiguration;
			buildSettings = {
				ASSETCATALOG_COMPILER_APPICON_NAME = AppIcon;
				ASSETCATALOG_COMPILER_GLOBAL_ACCENT_COLOR_NAME = AccentColor;
				CODE_SIGN_STYLE = Automatic;
				CURRENT_PROJECT_VERSION = 1;
				DEVELOPMENT_ASSET_PATHS = "\"LexueSwiftUI/Preview Content\"";
				DEVELOPMENT_TEAM = JH8TK4886U;
				ENABLE_PREVIEWS = YES;
				GENERATE_INFOPLIST_FILE = YES;
				INFOPLIST_FILE = LexueSwiftUI/Info.plist;
				INFOPLIST_KEY_CFBundleDisplayName = "乐学助手";
				INFOPLIST_KEY_LSApplicationCategoryType = "public.app-category.education";
				INFOPLIST_KEY_NSPhotoLibraryAddUsageDescription = "需要访问你的相册以存储照片";
				INFOPLIST_KEY_UIApplicationSceneManifest_Generation = YES;
				INFOPLIST_KEY_UIApplicationSupportsIndirectInputEvents = YES;
				INFOPLIST_KEY_UILaunchScreen_Generation = YES;
				INFOPLIST_KEY_UISupportedInterfaceOrientations_iPad = "UIInterfaceOrientationPortrait UIInterfaceOrientationPortraitUpsideDown UIInterfaceOrientationLandscapeLeft UIInterfaceOrientationLandscapeRight";
				INFOPLIST_KEY_UISupportedInterfaceOrientations_iPhone = "UIInterfaceOrientationPortrait UIInterfaceOrientationLandscapeLeft UIInterfaceOrientationLandscapeRight";
				IPHONEOS_DEPLOYMENT_TARGET = 15.0;
				LD_RUNPATH_SEARCH_PATHS = (
					"$(inherited)",
					"@executable_path/Frameworks",
				);
				MARKETING_VERSION = 1.0;
				PRODUCT_BUNDLE_IDENTIFIER = cn.bobh.LexueSwiftUI;
				PRODUCT_NAME = "$(TARGET_NAME)";
				SWIFT_EMIT_LOC_STRINGS = YES;
				SWIFT_VERSION = 5.0;
				TARGETED_DEVICE_FAMILY = "1,2";
			};
			name = Release;
		};
/* End XCBuildConfiguration section */

/* Begin XCConfigurationList section */
		473BAE772AA48DAA00968C3C /* Build configuration list for PBXProject "LexueSwiftUI" */ = {
			isa = XCConfigurationList;
			buildConfigurations = (
				473BAE882AA48DAA00968C3C /* Debug */,
				473BAE892AA48DAA00968C3C /* Release */,
			);
			defaultConfigurationIsVisible = 0;
			defaultConfigurationName = Release;
		};
		473BAE8A2AA48DAA00968C3C /* Build configuration list for PBXNativeTarget "LexueSwiftUI" */ = {
			isa = XCConfigurationList;
			buildConfigurations = (
				473BAE8B2AA48DAA00968C3C /* Debug */,
				473BAE8C2AA48DAA00968C3C /* Release */,
			);
			defaultConfigurationIsVisible = 0;
			defaultConfigurationName = Release;
		};
/* End XCConfigurationList section */

/* Begin XCRemoteSwiftPackageReference section */
		475AFEF72AAF61C900C4020F /* XCRemoteSwiftPackageReference "Alamofire" */ = {
			isa = XCRemoteSwiftPackageReference;
			repositoryURL = "https://github.com/Alamofire/Alamofire";
			requirement = {
				kind = upToNextMajorVersion;
				minimumVersion = 5.8.0;
			};
		};
		475AFEFC2AAF68E100C4020F /* XCRemoteSwiftPackageReference "SwiftSoup" */ = {
			isa = XCRemoteSwiftPackageReference;
			repositoryURL = "https://github.com/scinfu/SwiftSoup";
			requirement = {
				kind = upToNextMajorVersion;
				minimumVersion = 2.6.1;
			};
		};
		479839DC2AAA2B9B0094C5E1 /* XCRemoteSwiftPackageReference "swiftui-image-viewer" */ = {
			isa = XCRemoteSwiftPackageReference;
			repositoryURL = "https://github.com/Jake-Short/swiftui-image-viewer.git";
			requirement = {
				kind = upToNextMajorVersion;
				minimumVersion = 2.3.1;
			};
		};
/* End XCRemoteSwiftPackageReference section */

/* Begin XCSwiftPackageProductDependency section */
		475AFEF82AAF61C900C4020F /* Alamofire */ = {
			isa = XCSwiftPackageProductDependency;
			package = 475AFEF72AAF61C900C4020F /* XCRemoteSwiftPackageReference "Alamofire" */;
			productName = Alamofire;
		};
		475AFEFD2AAF68E100C4020F /* SwiftSoup */ = {
			isa = XCSwiftPackageProductDependency;
			package = 475AFEFC2AAF68E100C4020F /* XCRemoteSwiftPackageReference "SwiftSoup" */;
			productName = SwiftSoup;
		};
		479839DD2AAA2B9B0094C5E1 /* ImageViewer */ = {
			isa = XCSwiftPackageProductDependency;
			package = 479839DC2AAA2B9B0094C5E1 /* XCRemoteSwiftPackageReference "swiftui-image-viewer" */;
			productName = ImageViewer;
		};
		479839DF2AAA2B9B0094C5E1 /* ImageViewerRemote */ = {
			isa = XCSwiftPackageProductDependency;
			package = 479839DC2AAA2B9B0094C5E1 /* XCRemoteSwiftPackageReference "swiftui-image-viewer" */;
			productName = ImageViewerRemote;
		};
/* End XCSwiftPackageProductDependency section */

/* Begin XCVersionGroup section */
		47A9277F2AA77E6500ABDC53 /* MessageModel.xcdatamodeld */ = {
			isa = XCVersionGroup;
			children = (
				47A927802AA77E6500ABDC53 /* MessageModel.xcdatamodel */,
			);
			currentVersion = 47A927802AA77E6500ABDC53 /* MessageModel.xcdatamodel */;
			path = MessageModel.xcdatamodeld;
			sourceTree = "<group>";
			versionGroupType = wrapper.xcdatamodel;
		};
/* End XCVersionGroup section */
	};
	rootObject = 473BAE742AA48DAA00968C3C /* Project object */;
}
