// !$*UTF8*$!
{
	archiveVersion = 1;
	classes = {
	};
	objectVersion = 56;
	objects = {

/* Begin PBXBuildFile section */
		4700A8042AD6ED8000F75386 /* GeneralScoreAnalyze.swift in Sources */ = {isa = PBXBuildFile; fileRef = 4700A8032AD6ED8000F75386 /* GeneralScoreAnalyze.swift */; };
		470AFC662ACB15FB004C7F70 /* DataProviderBase.swift in Sources */ = {isa = PBXBuildFile; fileRef = 470AFC652ACB15FB004C7F70 /* DataProviderBase.swift */; };
		470AFC682ACB16D6004C7F70 /* DataProviderManager.swift in Sources */ = {isa = PBXBuildFile; fileRef = 470AFC672ACB16D6004C7F70 /* DataProviderManager.swift */; };
		470AFC6A2ACB194D004C7F70 /* LexueDataProvider.swift in Sources */ = {isa = PBXBuildFile; fileRef = 470AFC692ACB194D004C7F70 /* LexueDataProvider.swift */; };
		470CC59B2AC1D15900142AC5 /* CourseDetailView.swift in Sources */ = {isa = PBXBuildFile; fileRef = 470CC59A2AC1D15900142AC5 /* CourseDetailView.swift */; };
		4715BE862ACC49F600163DA9 /* ContactAvatarSettingView.swift in Sources */ = {isa = PBXBuildFile; fileRef = 4715BE852ACC49F600163DA9 /* ContactAvatarSettingView.swift */; };
		47196FDD2AC5514F00979DFE /* WidgetKit.framework in Frameworks */ = {isa = PBXBuildFile; fileRef = 47196FBA2AC54C6E00979DFE /* WidgetKit.framework */; };
		47196FDE2AC5514F00979DFE /* SwiftUI.framework in Frameworks */ = {isa = PBXBuildFile; fileRef = 47196FBC2AC54C6E00979DFE /* SwiftUI.framework */; };
		47196FE12AC5514F00979DFE /* LexueWidgetBundle.swift in Sources */ = {isa = PBXBuildFile; fileRef = 47196FE02AC5514F00979DFE /* LexueWidgetBundle.swift */; };
		47196FE52AC5515000979DFE /* Assets.xcassets in Resources */ = {isa = PBXBuildFile; fileRef = 47196FE42AC5515000979DFE /* Assets.xcassets */; };
		47196FE92AC5515000979DFE /* LexueWidgetExtension.appex in Embed Foundation Extensions */ = {isa = PBXBuildFile; fileRef = 47196FDC2AC5514F00979DFE /* LexueWidgetExtension.appex */; settings = {ATTRIBUTES = (RemoveHeadersOnCopy, ); }; };
		47196FF12AC551D200979DFE /* Widget_Extension.swift in Sources */ = {isa = PBXBuildFile; fileRef = 47196FED2AC551D200979DFE /* Widget_Extension.swift */; };
		47196FF22AC551D200979DFE /* DefaultEntry.swift in Sources */ = {isa = PBXBuildFile; fileRef = 47196FEE2AC551D200979DFE /* DefaultEntry.swift */; };
		47196FF32AC551D200979DFE /* Provider.swift in Sources */ = {isa = PBXBuildFile; fileRef = 47196FEF2AC551D200979DFE /* Provider.swift */; };
		47196FF72AC5522500979DFE /* WidgetView.swift in Sources */ = {isa = PBXBuildFile; fileRef = 47196FF62AC5522500979DFE /* WidgetView.swift */; };
		471A1D192AC9932C00A3D847 /* EventManager.swift in Sources */ = {isa = PBXBuildFile; fileRef = 471A1D182AC9932C00A3D847 /* EventManager.swift */; };
		47223A612AD053E4000D8B9C /* KeyInfo.plist in Resources */ = {isa = PBXBuildFile; fileRef = 47223A602AD053E4000D8B9C /* KeyInfo.plist */; };
		472984A02AA706BB000814EE /* Extensions.swift in Sources */ = {isa = PBXBuildFile; fileRef = 4729849F2AA706BB000814EE /* Extensions.swift */; };
		472C4BC32AB15D3B001C1755 /* AppStatusManager.swift in Sources */ = {isa = PBXBuildFile; fileRef = 472C4BC22AB15D3B001C1755 /* AppStatusManager.swift */; };
		473BAE802AA48DAA00968C3C /* LexueSwiftUIApp.swift in Sources */ = {isa = PBXBuildFile; fileRef = 473BAE7F2AA48DAA00968C3C /* LexueSwiftUIApp.swift */; };
		473BAE822AA48DAA00968C3C /* ContentView.swift in Sources */ = {isa = PBXBuildFile; fileRef = 473BAE812AA48DAA00968C3C /* ContentView.swift */; };
		473BAE842AA48DAA00968C3C /* Assets.xcassets in Resources */ = {isa = PBXBuildFile; fileRef = 473BAE832AA48DAA00968C3C /* Assets.xcassets */; };
		473BAE872AA48DAA00968C3C /* Preview Assets.xcassets in Resources */ = {isa = PBXBuildFile; fileRef = 473BAE862AA48DAA00968C3C /* Preview Assets.xcassets */; };
		473BAE942AA4969F00968C3C /* SettingView.swift in Sources */ = {isa = PBXBuildFile; fileRef = 473BAE932AA4969F00968C3C /* SettingView.swift */; };
		473BAE962AA496AE00968C3C /* CourseListView.swift in Sources */ = {isa = PBXBuildFile; fileRef = 473BAE952AA496AE00968C3C /* CourseListView.swift */; };
		473BAE982AA496B800968C3C /* MessageListView.swift in Sources */ = {isa = PBXBuildFile; fileRef = 473BAE972AA496B800968C3C /* MessageListView.swift */; };
		473BAE9C2AA4C13B00968C3C /* SettingStorage.swift in Sources */ = {isa = PBXBuildFile; fileRef = 473BAE9B2AA4C13B00968C3C /* SettingStorage.swift */; };
		473BAE9E2AA4C16D00968C3C /* GlobalVariables.swift in Sources */ = {isa = PBXBuildFile; fileRef = 473BAE9D2AA4C16D00968C3C /* GlobalVariables.swift */; };
		473D88972AD126DD00E7EB63 /* WelcomeUseWidget.swift in Sources */ = {isa = PBXBuildFile; fileRef = 473D88962AD126DD00E7EB63 /* WelcomeUseWidget.swift */; };
		473D88992AD1955800E7EB63 /* GPTApiFree.swift in Sources */ = {isa = PBXBuildFile; fileRef = 473D88982AD1955800E7EB63 /* GPTApiFree.swift */; };
		474515132AAB641700CCF24E /* ContactDetailView.swift in Sources */ = {isa = PBXBuildFile; fileRef = 474515122AAB641700CCF24E /* ContactDetailView.swift */; };
		47476B2F2AC2DC51009D967B /* CourseMembersListView.swift in Sources */ = {isa = PBXBuildFile; fileRef = 47476B2E2AC2DC51009D967B /* CourseMembersListView.swift */; };
		474C9B792AA4E38D0064B5AF /* EventListView.swift in Sources */ = {isa = PBXBuildFile; fileRef = 474C9B782AA4E38D0064B5AF /* EventListView.swift */; };
		4750EB832AC43C640071118F /* LocalNotificationManager.swift in Sources */ = {isa = PBXBuildFile; fileRef = 4750EB822AC43C640071118F /* LocalNotificationManager.swift */; };
		475AFEF62AAF560A00C4020F /* BITLogin.swift in Sources */ = {isa = PBXBuildFile; fileRef = 475AFEF52AAF560A00C4020F /* BITLogin.swift */; };
		475AFEF92AAF61C900C4020F /* Alamofire in Frameworks */ = {isa = PBXBuildFile; productRef = 475AFEF82AAF61C900C4020F /* Alamofire */; };
		475AFEFE2AAF68E100C4020F /* SwiftSoup in Frameworks */ = {isa = PBXBuildFile; productRef = 475AFEFD2AAF68E100C4020F /* SwiftSoup */; };
		475AFF002AB02A0C00C4020F /* LexueAPI.swift in Sources */ = {isa = PBXBuildFile; fileRef = 475AFEFF2AB02A0C00C4020F /* LexueAPI.swift */; };
		475E22AF2ACFB4C800FE8679 /* InfoMergingDataProvider.swift in Sources */ = {isa = PBXBuildFile; fileRef = 475E22AE2ACFB4C800FE8679 /* InfoMergingDataProvider.swift */; };
		475E22B02ACFB66700FE8679 /* InfoMergingDataProvider.swift in Sources */ = {isa = PBXBuildFile; fileRef = 475E22AE2ACFB4C800FE8679 /* InfoMergingDataProvider.swift */; };
		475EDED42AB60697008486F0 /* ProfileView.swift in Sources */ = {isa = PBXBuildFile; fileRef = 475EDED32AB60697008486F0 /* ProfileView.swift */; };
		476340312AB89F47006C24E2 /* LexueProfile.swift in Sources */ = {isa = PBXBuildFile; fileRef = 476340302AB89F47006C24E2 /* LexueProfile.swift */; };
		47758F4C2AB2F61C0043D65A /* CoreLogicManager.swift in Sources */ = {isa = PBXBuildFile; fileRef = 47758F4B2AB2F61C0043D65A /* CoreLogicManager.swift */; };
		478B70562AD445190008865A /* Webvpn.swift in Sources */ = {isa = PBXBuildFile; fileRef = 478B70552AD445190008865A /* Webvpn.swift */; };
		4791050F2AB0ACD4004FD26C /* LoginView.swift in Sources */ = {isa = PBXBuildFile; fileRef = 4791050E2AB0ACD4004FD26C /* LoginView.swift */; };
		479129C02AC309BA00F811F9 /* WebView in Frameworks */ = {isa = PBXBuildFile; productRef = 479129BF2AC309BA00F811F9 /* WebView */; };
		479129C22AC30A3A00F811F9 /* LexueBroswerView.swift in Sources */ = {isa = PBXBuildFile; fileRef = 479129C12AC30A3A00F811F9 /* LexueBroswerView.swift */; };
		47970AC02AC5AC7200C5BD03 /* UMDevice.framework in Frameworks */ = {isa = PBXBuildFile; fileRef = 47970ABA2AC5AC7200C5BD03 /* UMDevice.framework */; };
		47970AC22AC5AC7200C5BD03 /* UMAPM.framework in Frameworks */ = {isa = PBXBuildFile; fileRef = 47970ABC2AC5AC7200C5BD03 /* UMAPM.framework */; };
		47970AC32AC5AC7200C5BD03 /* UMCommonLog.bundle in Resources */ = {isa = PBXBuildFile; fileRef = 47970ABD2AC5AC7200C5BD03 /* UMCommonLog.bundle */; };
		47970AC42AC5AC7200C5BD03 /* UMCommon.framework in Frameworks */ = {isa = PBXBuildFile; fileRef = 47970ABE2AC5AC7200C5BD03 /* UMCommon.framework */; };
		47970AC52AC5AC7200C5BD03 /* UMCommonLog.framework in Frameworks */ = {isa = PBXBuildFile; fileRef = 47970ABF2AC5AC7200C5BD03 /* UMCommonLog.framework */; };
		47970AC72AC5AC9800C5BD03 /* CoreTelephony.framework in Frameworks */ = {isa = PBXBuildFile; fileRef = 47970AC62AC5AC9800C5BD03 /* CoreTelephony.framework */; };
		47970AC92AC5ACAB00C5BD03 /* libsqlite3.tbd in Frameworks */ = {isa = PBXBuildFile; fileRef = 47970AC82AC5ACA500C5BD03 /* libsqlite3.tbd */; };
		47970ACB2AC5ACBA00C5BD03 /* libz.tbd in Frameworks */ = {isa = PBXBuildFile; fileRef = 47970ACA2AC5ACB600C5BD03 /* libz.tbd */; };
		479839DB2AA9FCD40094C5E1 /* ContactDisplayModel.swift in Sources */ = {isa = PBXBuildFile; fileRef = 479839DA2AA9FCD40094C5E1 /* ContactDisplayModel.swift */; };
		479839DE2AAA2B9B0094C5E1 /* ImageViewer in Frameworks */ = {isa = PBXBuildFile; productRef = 479839DD2AAA2B9B0094C5E1 /* ImageViewer */; };
		479839E02AAA2B9B0094C5E1 /* ImageViewerRemote in Frameworks */ = {isa = PBXBuildFile; productRef = 479839DF2AAA2B9B0094C5E1 /* ImageViewerRemote */; };
		4799C8152AA6235C00F812D6 /* ContactsManager.swift in Sources */ = {isa = PBXBuildFile; fileRef = 4799C8142AA6235C00F812D6 /* ContactsManager.swift */; };
		4799C8172AA6237500F812D6 /* CourseManager.swift in Sources */ = {isa = PBXBuildFile; fileRef = 4799C8162AA6237500F812D6 /* CourseManager.swift */; };
		4799C8192AA6239800F812D6 /* MessageDetailView.swift in Sources */ = {isa = PBXBuildFile; fileRef = 4799C8182AA6239800F812D6 /* MessageDetailView.swift */; };
		4799C81B2AA62CDB00F812D6 /* ContactMessageModel.swift in Sources */ = {isa = PBXBuildFile; fileRef = 4799C81A2AA62CDB00F812D6 /* ContactMessageModel.swift */; };
		479B22E12AD571C400A7DCC7 /* ViewScoreView.swift in Sources */ = {isa = PBXBuildFile; fileRef = 479B22E02AD571C400A7DCC7 /* ViewScoreView.swift */; };
		479B22E42AD57B0300A7DCC7 /* Tabler in Frameworks */ = {isa = PBXBuildFile; productRef = 479B22E32AD57B0300A7DCC7 /* Tabler */; };
		479B22E72AD57D8100A7DCC7 /* Sideways in Frameworks */ = {isa = PBXBuildFile; productRef = 479B22E62AD57D8100A7DCC7 /* Sideways */; };
		479B22EA2AD641E100A7DCC7 /* LightChart in Frameworks */ = {isa = PBXBuildFile; productRef = 479B22E92AD641E100A7DCC7 /* LightChart */; };
		479B22EC2AD641FB00A7DCC7 /* ViewCourseScoreView.swift in Sources */ = {isa = PBXBuildFile; fileRef = 479B22EB2AD641FB00A7DCC7 /* ViewCourseScoreView.swift */; };
		47A927812AA77E6500ABDC53 /* MessageModel.xcdatamodeld in Sources */ = {isa = PBXBuildFile; fileRef = 47A9277F2AA77E6500ABDC53 /* MessageModel.xcdatamodeld */; };
		47A927832AA77FDA00ABDC53 /* DataController.swift in Sources */ = {isa = PBXBuildFile; fileRef = 47A927822AA77FDA00ABDC53 /* DataController.swift */; };
		47A927852AA7836300ABDC53 /* MessageManager.swift in Sources */ = {isa = PBXBuildFile; fileRef = 47A927842AA7836300ABDC53 /* MessageManager.swift */; };
		47A927892AA786ED00ABDC53 /* DebugDataView.swift in Sources */ = {isa = PBXBuildFile; fileRef = 47A927882AA786ED00ABDC53 /* DebugDataView.swift */; };
		47B2A8312AC9C9D700957DF0 /* EventPreferenceSettingView.swift in Sources */ = {isa = PBXBuildFile; fileRef = 47B2A8302AC9C9D700957DF0 /* EventPreferenceSettingView.swift */; };
		47B411792ACBD96300AC0B5E /* DataProviderSettingView.swift in Sources */ = {isa = PBXBuildFile; fileRef = 47B411782ACBD96300AC0B5E /* DataProviderSettingView.swift */; };
		47B4420B2AC5C0B600EE03A9 /* PrivacyStatement.swift in Sources */ = {isa = PBXBuildFile; fileRef = 47B4420A2AC5C0B600EE03A9 /* PrivacyStatement.swift */; };
		47B4420D2AC5C34100EE03A9 /* PrivacyPolicyView.swift in Sources */ = {isa = PBXBuildFile; fileRef = 47B4420C2AC5C34100EE03A9 /* PrivacyPolicyView.swift */; };
		47B442102AC6CDC400EE03A9 /* UserAgreement.swift in Sources */ = {isa = PBXBuildFile; fileRef = 47B4420F2AC6CDC400EE03A9 /* UserAgreement.swift */; };
		47B442132AC6CE6E00EE03A9 /* PrivacyAgreement.md in Resources */ = {isa = PBXBuildFile; fileRef = 47B442122AC6CE6E00EE03A9 /* PrivacyAgreement.md */; };
		47B442162AC6D3B700EE03A9 /* MarkdownUI in Frameworks */ = {isa = PBXBuildFile; productRef = 47B442152AC6D3B700EE03A9 /* MarkdownUI */; };
		47B695972AC570FE0070D3EA /* .gitignore in Resources */ = {isa = PBXBuildFile; fileRef = 47B695962AC570FE0070D3EA /* .gitignore */; };
		47BA831F2AC1289100954129 /* UnloginView.swift in Sources */ = {isa = PBXBuildFile; fileRef = 47BA831E2AC1289100954129 /* UnloginView.swift */; };
		47BCFB962ACD6A6200320CFD /* PackageDeclarationView.swift in Sources */ = {isa = PBXBuildFile; fileRef = 47BCFB952ACD6A6200320CFD /* PackageDeclarationView.swift */; };
		47BCFB992ACD6FD800320CFD /* AboutView.swift in Sources */ = {isa = PBXBuildFile; fileRef = 47BCFB982ACD6FD800320CFD /* AboutView.swift */; };
		47BD51A02AC5B43F0029F9DB /* UMCommonSwift.swift in Sources */ = {isa = PBXBuildFile; fileRef = 47BD519C2AC5B43F0029F9DB /* UMCommonSwift.swift */; };
		47BD51A12AC5B43F0029F9DB /* UMCommonLogSwift.swift in Sources */ = {isa = PBXBuildFile; fileRef = 47BD519D2AC5B43F0029F9DB /* UMCommonLogSwift.swift */; };
		47BD51A22AC5B43F0029F9DB /* UMGameAnalyticsSwift.swift in Sources */ = {isa = PBXBuildFile; fileRef = 47BD519E2AC5B43F0029F9DB /* UMGameAnalyticsSwift.swift */; };
		47BD51A32AC5B43F0029F9DB /* UMAnalyticsSwift.swift in Sources */ = {isa = PBXBuildFile; fileRef = 47BD519F2AC5B43F0029F9DB /* UMAnalyticsSwift.swift */; };
		47BD51A52AC5B4970029F9DB /* UMAnalyticsGame.framework in Frameworks */ = {isa = PBXBuildFile; fileRef = 47BD51A42AC5B4960029F9DB /* UMAnalyticsGame.framework */; };
		47BD51A72AC5B5A40029F9DB /* UMengManager.swift in Sources */ = {isa = PBXBuildFile; fileRef = 47BD51A62AC5B5A40029F9DB /* UMengManager.swift */; };
		47CBA2412AA5CF32009F9242 /* CourseShortInfo.swift in Sources */ = {isa = PBXBuildFile; fileRef = 47CBA2402AA5CF32009F9242 /* CourseShortInfo.swift */; };
		47CE0FF72ACADED400C68CA3 /* AddCustomEventView.swift in Sources */ = {isa = PBXBuildFile; fileRef = 47CE0FF62ACADED400C68CA3 /* AddCustomEventView.swift */; };
		47CE0FF92ACAF04700C68CA3 /* EditEventView.swift in Sources */ = {isa = PBXBuildFile; fileRef = 47CE0FF82ACAF04700C68CA3 /* EditEventView.swift */; };
		47CE0FFB2ACAFB8600C68CA3 /* ViewEventView.swift in Sources */ = {isa = PBXBuildFile; fileRef = 47CE0FFA2ACAFB8600C68CA3 /* ViewEventView.swift */; };
		47D230412AD028D1000DB15C /* HaoBIT.swift in Sources */ = {isa = PBXBuildFile; fileRef = 47E1D6A32AD01FDF007A0D75 /* HaoBIT.swift */; };
		47E1D6A42AD01FDF007A0D75 /* HaoBIT.swift in Sources */ = {isa = PBXBuildFile; fileRef = 47E1D6A32AD01FDF007A0D75 /* HaoBIT.swift */; };
		47EC987A2ACBB6BF009CE125 /* DeletedEventView.swift in Sources */ = {isa = PBXBuildFile; fileRef = 47EC98792ACBB6BF009CE125 /* DeletedEventView.swift */; };
		47F30A612AD2E201001A0F2F /* FavoriteURLView.swift in Sources */ = {isa = PBXBuildFile; fileRef = 47F30A602AD2E201001A0F2F /* FavoriteURLView.swift */; };
		47F4F2882AC080100047B395 /* AvatarSettingView.swift in Sources */ = {isa = PBXBuildFile; fileRef = 47F4F2872AC080100047B395 /* AvatarSettingView.swift */; };
		47F4F2992AC086A90047B395 /* Color+Extensions.swift in Sources */ = {isa = PBXBuildFile; fileRef = 47F4F28D2AC086A90047B395 /* Color+Extensions.swift */; };
		47F4F29A2AC086A90047B395 /* ImageMoveAndScaleSheet+ViewModel.swift in Sources */ = {isa = PBXBuildFile; fileRef = 47F4F28E2AC086A90047B395 /* ImageMoveAndScaleSheet+ViewModel.swift */; };
		47F4F29B2AC086A90047B395 /* ImageManipulation.swift in Sources */ = {isa = PBXBuildFile; fileRef = 47F4F28F2AC086A90047B395 /* ImageManipulation.swift */; };
		47F4F29C2AC086A90047B395 /* ImageAttributes.swift in Sources */ = {isa = PBXBuildFile; fileRef = 47F4F2902AC086A90047B395 /* ImageAttributes.swift */; };
		47F4F29D2AC086A90047B395 /* ImageMoveAndScaleSheet+Extensions.swift in Sources */ = {isa = PBXBuildFile; fileRef = 47F4F2912AC086A90047B395 /* ImageMoveAndScaleSheet+Extensions.swift */; };
		47F4F29E2AC086A90047B395 /* ImagePane.swift in Sources */ = {isa = PBXBuildFile; fileRef = 47F4F2922AC086A90047B395 /* ImagePane.swift */; };
		47F4F29F2AC086A90047B395 /* SystemPHPicker.swift in Sources */ = {isa = PBXBuildFile; fileRef = 47F4F2932AC086A90047B395 /* SystemPHPicker.swift */; };
		47F4F2A02AC086A90047B395 /* DeviceOrientation.swift in Sources */ = {isa = PBXBuildFile; fileRef = 47F4F2942AC086A90047B395 /* DeviceOrientation.swift */; };
		47F4F2A12AC086A90047B395 /* Image+Extensions.swift in Sources */ = {isa = PBXBuildFile; fileRef = 47F4F2952AC086A90047B395 /* Image+Extensions.swift */; };
		47F4F2A22AC086A90047B395 /* SystemImagePicker.swift in Sources */ = {isa = PBXBuildFile; fileRef = 47F4F2962AC086A90047B395 /* SystemImagePicker.swift */; };
		47F4F2A32AC086A90047B395 /* ViewModifiers.swift in Sources */ = {isa = PBXBuildFile; fileRef = 47F4F2972AC086A90047B395 /* ViewModifiers.swift */; };
		47F4F2A42AC086A90047B395 /* ImageMoveAndScaleSheet.swift in Sources */ = {isa = PBXBuildFile; fileRef = 47F4F2982AC086A90047B395 /* ImageMoveAndScaleSheet.swift */; };
		47F4FD142ACD966C00C6C144 /* Event_SmallView.swift in Sources */ = {isa = PBXBuildFile; fileRef = 47F4FD132ACD966C00C6C144 /* Event_SmallView.swift */; };
		47F4FD152ACD9CAC00C6C144 /* SettingStorage.swift in Sources */ = {isa = PBXBuildFile; fileRef = 473BAE9B2AA4C13B00968C3C /* SettingStorage.swift */; };
		47F4FD162ACD9CD500C6C144 /* BITLogin.swift in Sources */ = {isa = PBXBuildFile; fileRef = 475AFEF52AAF560A00C4020F /* BITLogin.swift */; };
		47F4FD172ACD9CD700C6C144 /* LexueAPI.swift in Sources */ = {isa = PBXBuildFile; fileRef = 475AFEFF2AB02A0C00C4020F /* LexueAPI.swift */; };
		47F4FD182ACD9CE200C6C144 /* GlobalVariables.swift in Sources */ = {isa = PBXBuildFile; fileRef = 473BAE9D2AA4C16D00968C3C /* GlobalVariables.swift */; };
		47F4FD192ACD9CFE00C6C144 /* Extensions.swift in Sources */ = {isa = PBXBuildFile; fileRef = 4729849F2AA706BB000814EE /* Extensions.swift */; };
		47F4FD1A2ACD9D3500C6C144 /* CourseShortInfo.swift in Sources */ = {isa = PBXBuildFile; fileRef = 47CBA2402AA5CF32009F9242 /* CourseShortInfo.swift */; };
		47F4FD1B2ACD9D4000C6C144 /* LexueProfile.swift in Sources */ = {isa = PBXBuildFile; fileRef = 476340302AB89F47006C24E2 /* LexueProfile.swift */; };
		47F4FD1D2ACD9ECA00C6C144 /* Alamofire in Frameworks */ = {isa = PBXBuildFile; productRef = 47F4FD1C2ACD9ECA00C6C144 /* Alamofire */; };
		47F4FD1F2ACD9EED00C6C144 /* SwiftSoup in Frameworks */ = {isa = PBXBuildFile; productRef = 47F4FD1E2ACD9EED00C6C144 /* SwiftSoup */; };
		47F4FD232ACDA62400C6C144 /* DataController.swift in Sources */ = {isa = PBXBuildFile; fileRef = 47A927822AA77FDA00ABDC53 /* DataController.swift */; };
		47F4FD242ACDA62E00C6C144 /* ContactMessageModel.swift in Sources */ = {isa = PBXBuildFile; fileRef = 4799C81A2AA62CDB00F812D6 /* ContactMessageModel.swift */; };
		47F4FD252ACDA63A00C6C144 /* ContactDisplayModel.swift in Sources */ = {isa = PBXBuildFile; fileRef = 479839DA2AA9FCD40094C5E1 /* ContactDisplayModel.swift */; };
		47F4FD262ACDA64500C6C144 /* MessageModel.xcdatamodeld in Sources */ = {isa = PBXBuildFile; fileRef = 47A9277F2AA77E6500ABDC53 /* MessageModel.xcdatamodeld */; };
		47F4FD282ACDADCA00C6C144 /* Event_MediumView.swift in Sources */ = {isa = PBXBuildFile; fileRef = 47F4FD272ACDADCA00C6C144 /* Event_MediumView.swift */; };
		47F4FD292ACDB4EE00C6C144 /* EventManager.swift in Sources */ = {isa = PBXBuildFile; fileRef = 471A1D182AC9932C00A3D847 /* EventManager.swift */; };
		47F4FD2B2ACDB9CF00C6C144 /* Event_LargeView.swift in Sources */ = {isa = PBXBuildFile; fileRef = 47F4FD2A2ACDB9CF00C6C144 /* Event_LargeView.swift */; };
		47F4FD2C2ACDBF3F00C6C144 /* LocalNotificationManager.swift in Sources */ = {isa = PBXBuildFile; fileRef = 4750EB822AC43C640071118F /* LocalNotificationManager.swift */; };
		47F4FD2E2ACDC07900C6C144 /* CourseManager.swift in Sources */ = {isa = PBXBuildFile; fileRef = 4799C8162AA6237500F812D6 /* CourseManager.swift */; };
		47F4FD302ACDC1D600C6C144 /* DataProviderManager.swift in Sources */ = {isa = PBXBuildFile; fileRef = 470AFC672ACB16D6004C7F70 /* DataProviderManager.swift */; };
		47F4FD312ACDC1D800C6C144 /* DataProviderBase.swift in Sources */ = {isa = PBXBuildFile; fileRef = 470AFC652ACB15FB004C7F70 /* DataProviderBase.swift */; };
		47F4FD322ACDC1DA00C6C144 /* LexueDataProvider.swift in Sources */ = {isa = PBXBuildFile; fileRef = 470AFC692ACB194D004C7F70 /* LexueDataProvider.swift */; };
		47F4FD332ACDC1E600C6C144 /* MessageManager.swift in Sources */ = {isa = PBXBuildFile; fileRef = 47A927842AA7836300ABDC53 /* MessageManager.swift */; };
		47FBC8C62AC579DD00FB1523 /* SystemConfiguration.framework in Frameworks */ = {isa = PBXBuildFile; fileRef = 47FBC8C52AC579DD00FB1523 /* SystemConfiguration.framework */; };
/* End PBXBuildFile section */

/* Begin PBXContainerItemProxy section */
		47196FE72AC5515000979DFE /* PBXContainerItemProxy */ = {
			isa = PBXContainerItemProxy;
			containerPortal = 473BAE742AA48DAA00968C3C /* Project object */;
			proxyType = 1;
			remoteGlobalIDString = 47196FDB2AC5514F00979DFE;
			remoteInfo = LexueWidgetExtension;
		};
/* End PBXContainerItemProxy section */

/* Begin PBXCopyFilesBuildPhase section */
		47196FCB2AC54C7000979DFE /* Embed Foundation Extensions */ = {
			isa = PBXCopyFilesBuildPhase;
			buildActionMask = 2147483647;
			dstPath = "";
			dstSubfolderSpec = 13;
			files = (
				47196FE92AC5515000979DFE /* LexueWidgetExtension.appex in Embed Foundation Extensions */,
			);
			name = "Embed Foundation Extensions";
			runOnlyForDeploymentPostprocessing = 0;
		};
		474D77A52AA6410A007F8188 /* Embed Frameworks */ = {
			isa = PBXCopyFilesBuildPhase;
			buildActionMask = 2147483647;
			dstPath = "";
			dstSubfolderSpec = 10;
			files = (
			);
			name = "Embed Frameworks";
			runOnlyForDeploymentPostprocessing = 0;
		};
/* End PBXCopyFilesBuildPhase section */

/* Begin PBXFileReference section */
		4700A8032AD6ED8000F75386 /* GeneralScoreAnalyze.swift */ = {isa = PBXFileReference; lastKnownFileType = sourcecode.swift; path = GeneralScoreAnalyze.swift; sourceTree = "<group>"; };
		470AFC652ACB15FB004C7F70 /* DataProviderBase.swift */ = {isa = PBXFileReference; lastKnownFileType = sourcecode.swift; path = DataProviderBase.swift; sourceTree = "<group>"; };
		470AFC672ACB16D6004C7F70 /* DataProviderManager.swift */ = {isa = PBXFileReference; lastKnownFileType = sourcecode.swift; path = DataProviderManager.swift; sourceTree = "<group>"; };
		470AFC692ACB194D004C7F70 /* LexueDataProvider.swift */ = {isa = PBXFileReference; lastKnownFileType = sourcecode.swift; path = LexueDataProvider.swift; sourceTree = "<group>"; };
		470CC59A2AC1D15900142AC5 /* CourseDetailView.swift */ = {isa = PBXFileReference; lastKnownFileType = sourcecode.swift; path = CourseDetailView.swift; sourceTree = "<group>"; };
		4715BE852ACC49F600163DA9 /* ContactAvatarSettingView.swift */ = {isa = PBXFileReference; lastKnownFileType = sourcecode.swift; path = ContactAvatarSettingView.swift; sourceTree = "<group>"; };
		47196FBA2AC54C6E00979DFE /* WidgetKit.framework */ = {isa = PBXFileReference; lastKnownFileType = wrapper.framework; name = WidgetKit.framework; path = System/Library/Frameworks/WidgetKit.framework; sourceTree = SDKROOT; };
		47196FBC2AC54C6E00979DFE /* SwiftUI.framework */ = {isa = PBXFileReference; lastKnownFileType = wrapper.framework; name = SwiftUI.framework; path = System/Library/Frameworks/SwiftUI.framework; sourceTree = SDKROOT; };
		47196FDC2AC5514F00979DFE /* LexueWidgetExtension.appex */ = {isa = PBXFileReference; explicitFileType = "wrapper.app-extension"; includeInIndex = 0; path = LexueWidgetExtension.appex; sourceTree = BUILT_PRODUCTS_DIR; };
		47196FE02AC5514F00979DFE /* LexueWidgetBundle.swift */ = {isa = PBXFileReference; lastKnownFileType = sourcecode.swift; path = LexueWidgetBundle.swift; sourceTree = "<group>"; };
		47196FE42AC5515000979DFE /* Assets.xcassets */ = {isa = PBXFileReference; lastKnownFileType = folder.assetcatalog; path = Assets.xcassets; sourceTree = "<group>"; };
		47196FE62AC5515000979DFE /* Info.plist */ = {isa = PBXFileReference; lastKnownFileType = text.plist.xml; path = Info.plist; sourceTree = "<group>"; };
		47196FED2AC551D200979DFE /* Widget_Extension.swift */ = {isa = PBXFileReference; fileEncoding = 4; lastKnownFileType = sourcecode.swift; path = Widget_Extension.swift; sourceTree = "<group>"; };
		47196FEE2AC551D200979DFE /* DefaultEntry.swift */ = {isa = PBXFileReference; fileEncoding = 4; lastKnownFileType = sourcecode.swift; path = DefaultEntry.swift; sourceTree = "<group>"; };
		47196FEF2AC551D200979DFE /* Provider.swift */ = {isa = PBXFileReference; fileEncoding = 4; lastKnownFileType = sourcecode.swift; path = Provider.swift; sourceTree = "<group>"; };
		47196FF62AC5522500979DFE /* WidgetView.swift */ = {isa = PBXFileReference; fileEncoding = 4; lastKnownFileType = sourcecode.swift; path = WidgetView.swift; sourceTree = "<group>"; };
		471A1D182AC9932C00A3D847 /* EventManager.swift */ = {isa = PBXFileReference; lastKnownFileType = sourcecode.swift; path = EventManager.swift; sourceTree = "<group>"; };
		47223A602AD053E4000D8B9C /* KeyInfo.plist */ = {isa = PBXFileReference; lastKnownFileType = text.plist.xml; path = KeyInfo.plist; sourceTree = "<group>"; };
		4729849F2AA706BB000814EE /* Extensions.swift */ = {isa = PBXFileReference; lastKnownFileType = sourcecode.swift; path = Extensions.swift; sourceTree = "<group>"; };
		472C4BC22AB15D3B001C1755 /* AppStatusManager.swift */ = {isa = PBXFileReference; lastKnownFileType = sourcecode.swift; path = AppStatusManager.swift; sourceTree = "<group>"; };
		473BAE7C2AA48DAA00968C3C /* LexueSwiftUI.app */ = {isa = PBXFileReference; explicitFileType = wrapper.application; includeInIndex = 0; path = LexueSwiftUI.app; sourceTree = BUILT_PRODUCTS_DIR; };
		473BAE7F2AA48DAA00968C3C /* LexueSwiftUIApp.swift */ = {isa = PBXFileReference; lastKnownFileType = sourcecode.swift; path = LexueSwiftUIApp.swift; sourceTree = "<group>"; };
		473BAE812AA48DAA00968C3C /* ContentView.swift */ = {isa = PBXFileReference; lastKnownFileType = sourcecode.swift; path = ContentView.swift; sourceTree = "<group>"; };
		473BAE832AA48DAA00968C3C /* Assets.xcassets */ = {isa = PBXFileReference; lastKnownFileType = folder.assetcatalog; path = Assets.xcassets; sourceTree = "<group>"; };
		473BAE862AA48DAA00968C3C /* Preview Assets.xcassets */ = {isa = PBXFileReference; lastKnownFileType = folder.assetcatalog; path = "Preview Assets.xcassets"; sourceTree = "<group>"; };
		473BAE932AA4969F00968C3C /* SettingView.swift */ = {isa = PBXFileReference; lastKnownFileType = sourcecode.swift; path = SettingView.swift; sourceTree = "<group>"; };
		473BAE952AA496AE00968C3C /* CourseListView.swift */ = {isa = PBXFileReference; lastKnownFileType = sourcecode.swift; path = CourseListView.swift; sourceTree = "<group>"; };
		473BAE972AA496B800968C3C /* MessageListView.swift */ = {isa = PBXFileReference; lastKnownFileType = sourcecode.swift; path = MessageListView.swift; sourceTree = "<group>"; };
		473BAE9B2AA4C13B00968C3C /* SettingStorage.swift */ = {isa = PBXFileReference; lastKnownFileType = sourcecode.swift; path = SettingStorage.swift; sourceTree = "<group>"; };
		473BAE9D2AA4C16D00968C3C /* GlobalVariables.swift */ = {isa = PBXFileReference; lastKnownFileType = sourcecode.swift; path = GlobalVariables.swift; sourceTree = "<group>"; };
		473D88952AD1195A00E7EB63 /* AboutApp.md */ = {isa = PBXFileReference; lastKnownFileType = net.daringfireball.markdown; path = AboutApp.md; sourceTree = "<group>"; };
		473D88962AD126DD00E7EB63 /* WelcomeUseWidget.swift */ = {isa = PBXFileReference; lastKnownFileType = sourcecode.swift; path = WelcomeUseWidget.swift; sourceTree = "<group>"; };
		473D88982AD1955800E7EB63 /* GPTApiFree.swift */ = {isa = PBXFileReference; lastKnownFileType = sourcecode.swift; path = GPTApiFree.swift; sourceTree = "<group>"; };
		474515122AAB641700CCF24E /* ContactDetailView.swift */ = {isa = PBXFileReference; lastKnownFileType = sourcecode.swift; path = ContactDetailView.swift; sourceTree = "<group>"; };
		47476B2E2AC2DC51009D967B /* CourseMembersListView.swift */ = {isa = PBXFileReference; lastKnownFileType = sourcecode.swift; path = CourseMembersListView.swift; sourceTree = "<group>"; };
		474C9B782AA4E38D0064B5AF /* EventListView.swift */ = {isa = PBXFileReference; lastKnownFileType = sourcecode.swift; path = EventListView.swift; sourceTree = "<group>"; };
		4750EB822AC43C640071118F /* LocalNotificationManager.swift */ = {isa = PBXFileReference; lastKnownFileType = sourcecode.swift; path = LocalNotificationManager.swift; sourceTree = "<group>"; };
		475AFEF52AAF560A00C4020F /* BITLogin.swift */ = {isa = PBXFileReference; lastKnownFileType = sourcecode.swift; path = BITLogin.swift; sourceTree = "<group>"; };
		475AFEFF2AB02A0C00C4020F /* LexueAPI.swift */ = {isa = PBXFileReference; lastKnownFileType = sourcecode.swift; path = LexueAPI.swift; sourceTree = "<group>"; };
		475E22AE2ACFB4C800FE8679 /* InfoMergingDataProvider.swift */ = {isa = PBXFileReference; lastKnownFileType = sourcecode.swift; path = InfoMergingDataProvider.swift; sourceTree = "<group>"; };
		475EDED32AB60697008486F0 /* ProfileView.swift */ = {isa = PBXFileReference; lastKnownFileType = sourcecode.swift; path = ProfileView.swift; sourceTree = "<group>"; };
		476340302AB89F47006C24E2 /* LexueProfile.swift */ = {isa = PBXFileReference; lastKnownFileType = sourcecode.swift; path = LexueProfile.swift; sourceTree = "<group>"; };
		47758F4B2AB2F61C0043D65A /* CoreLogicManager.swift */ = {isa = PBXFileReference; lastKnownFileType = sourcecode.swift; path = CoreLogicManager.swift; sourceTree = "<group>"; };
		478B70552AD445190008865A /* Webvpn.swift */ = {isa = PBXFileReference; lastKnownFileType = sourcecode.swift; path = Webvpn.swift; sourceTree = "<group>"; };
		4791050E2AB0ACD4004FD26C /* LoginView.swift */ = {isa = PBXFileReference; lastKnownFileType = sourcecode.swift; path = LoginView.swift; sourceTree = "<group>"; };
		479129C12AC30A3A00F811F9 /* LexueBroswerView.swift */ = {isa = PBXFileReference; lastKnownFileType = sourcecode.swift; path = LexueBroswerView.swift; sourceTree = "<group>"; };
		47970ABA2AC5AC7200C5BD03 /* UMDevice.framework */ = {isa = PBXFileReference; lastKnownFileType = wrapper.framework; path = UMDevice.framework; sourceTree = "<group>"; };
		47970ABC2AC5AC7200C5BD03 /* UMAPM.framework */ = {isa = PBXFileReference; lastKnownFileType = wrapper.framework; path = UMAPM.framework; sourceTree = "<group>"; };
		47970ABD2AC5AC7200C5BD03 /* UMCommonLog.bundle */ = {isa = PBXFileReference; lastKnownFileType = "wrapper.plug-in"; path = UMCommonLog.bundle; sourceTree = "<group>"; };
		47970ABE2AC5AC7200C5BD03 /* UMCommon.framework */ = {isa = PBXFileReference; lastKnownFileType = wrapper.framework; path = UMCommon.framework; sourceTree = "<group>"; };
		47970ABF2AC5AC7200C5BD03 /* UMCommonLog.framework */ = {isa = PBXFileReference; lastKnownFileType = wrapper.framework; path = UMCommonLog.framework; sourceTree = "<group>"; };
		47970AC62AC5AC9800C5BD03 /* CoreTelephony.framework */ = {isa = PBXFileReference; lastKnownFileType = wrapper.framework; name = CoreTelephony.framework; path = System/Library/Frameworks/CoreTelephony.framework; sourceTree = SDKROOT; };
		47970AC82AC5ACA500C5BD03 /* libsqlite3.tbd */ = {isa = PBXFileReference; lastKnownFileType = "sourcecode.text-based-dylib-definition"; name = libsqlite3.tbd; path = usr/lib/libsqlite3.tbd; sourceTree = SDKROOT; };
		47970ACA2AC5ACB600C5BD03 /* libz.tbd */ = {isa = PBXFileReference; lastKnownFileType = "sourcecode.text-based-dylib-definition"; name = libz.tbd; path = usr/lib/libz.tbd; sourceTree = SDKROOT; };
		479839DA2AA9FCD40094C5E1 /* ContactDisplayModel.swift */ = {isa = PBXFileReference; lastKnownFileType = sourcecode.swift; path = ContactDisplayModel.swift; sourceTree = "<group>"; };
		4799C8142AA6235C00F812D6 /* ContactsManager.swift */ = {isa = PBXFileReference; lastKnownFileType = sourcecode.swift; path = ContactsManager.swift; sourceTree = "<group>"; };
		4799C8162AA6237500F812D6 /* CourseManager.swift */ = {isa = PBXFileReference; lastKnownFileType = sourcecode.swift; path = CourseManager.swift; sourceTree = "<group>"; };
		4799C8182AA6239800F812D6 /* MessageDetailView.swift */ = {isa = PBXFileReference; lastKnownFileType = sourcecode.swift; path = MessageDetailView.swift; sourceTree = "<group>"; };
		4799C81A2AA62CDB00F812D6 /* ContactMessageModel.swift */ = {isa = PBXFileReference; lastKnownFileType = sourcecode.swift; path = ContactMessageModel.swift; sourceTree = "<group>"; };
		479B22E02AD571C400A7DCC7 /* ViewScoreView.swift */ = {isa = PBXFileReference; lastKnownFileType = sourcecode.swift; path = ViewScoreView.swift; sourceTree = "<group>"; };
		479B22EB2AD641FB00A7DCC7 /* ViewCourseScoreView.swift */ = {isa = PBXFileReference; lastKnownFileType = sourcecode.swift; path = ViewCourseScoreView.swift; sourceTree = "<group>"; };
		47A927802AA77E6500ABDC53 /* MessageModel.xcdatamodel */ = {isa = PBXFileReference; lastKnownFileType = wrapper.xcdatamodel; path = MessageModel.xcdatamodel; sourceTree = "<group>"; };
		47A927822AA77FDA00ABDC53 /* DataController.swift */ = {isa = PBXFileReference; lastKnownFileType = sourcecode.swift; path = DataController.swift; sourceTree = "<group>"; };
		47A927842AA7836300ABDC53 /* MessageManager.swift */ = {isa = PBXFileReference; lastKnownFileType = sourcecode.swift; path = MessageManager.swift; sourceTree = "<group>"; };
		47A927882AA786ED00ABDC53 /* DebugDataView.swift */ = {isa = PBXFileReference; lastKnownFileType = sourcecode.swift; path = DebugDataView.swift; sourceTree = "<group>"; };
		47B2A8302AC9C9D700957DF0 /* EventPreferenceSettingView.swift */ = {isa = PBXFileReference; lastKnownFileType = sourcecode.swift; path = EventPreferenceSettingView.swift; sourceTree = "<group>"; };
		47B411782ACBD96300AC0B5E /* DataProviderSettingView.swift */ = {isa = PBXFileReference; lastKnownFileType = sourcecode.swift; path = DataProviderSettingView.swift; sourceTree = "<group>"; };
		47B4420A2AC5C0B600EE03A9 /* PrivacyStatement.swift */ = {isa = PBXFileReference; lastKnownFileType = sourcecode.swift; path = PrivacyStatement.swift; sourceTree = "<group>"; };
		47B4420C2AC5C34100EE03A9 /* PrivacyPolicyView.swift */ = {isa = PBXFileReference; lastKnownFileType = sourcecode.swift; path = PrivacyPolicyView.swift; sourceTree = "<group>"; };
		47B4420F2AC6CDC400EE03A9 /* UserAgreement.swift */ = {isa = PBXFileReference; lastKnownFileType = sourcecode.swift; path = UserAgreement.swift; sourceTree = "<group>"; };
		47B442122AC6CE6E00EE03A9 /* PrivacyAgreement.md */ = {isa = PBXFileReference; lastKnownFileType = net.daringfireball.markdown; path = PrivacyAgreement.md; sourceTree = "<group>"; };
		47B695962AC570FE0070D3EA /* .gitignore */ = {isa = PBXFileReference; fileEncoding = 4; lastKnownFileType = text; path = .gitignore; sourceTree = "<group>"; };
		47BA831E2AC1289100954129 /* UnloginView.swift */ = {isa = PBXFileReference; lastKnownFileType = sourcecode.swift; path = UnloginView.swift; sourceTree = "<group>"; };
		47BCFB952ACD6A6200320CFD /* PackageDeclarationView.swift */ = {isa = PBXFileReference; lastKnownFileType = sourcecode.swift; path = PackageDeclarationView.swift; sourceTree = "<group>"; };
		47BCFB982ACD6FD800320CFD /* AboutView.swift */ = {isa = PBXFileReference; lastKnownFileType = sourcecode.swift; path = AboutView.swift; sourceTree = "<group>"; };
		47BD519B2AC5B3BA0029F9DB /* Bridge.h */ = {isa = PBXFileReference; lastKnownFileType = sourcecode.c.h; path = Bridge.h; sourceTree = "<group>"; };
		47BD519C2AC5B43F0029F9DB /* UMCommonSwift.swift */ = {isa = PBXFileReference; fileEncoding = 4; lastKnownFileType = sourcecode.swift; path = UMCommonSwift.swift; sourceTree = "<group>"; };
		47BD519D2AC5B43F0029F9DB /* UMCommonLogSwift.swift */ = {isa = PBXFileReference; fileEncoding = 4; lastKnownFileType = sourcecode.swift; path = UMCommonLogSwift.swift; sourceTree = "<group>"; };
		47BD519E2AC5B43F0029F9DB /* UMGameAnalyticsSwift.swift */ = {isa = PBXFileReference; fileEncoding = 4; lastKnownFileType = sourcecode.swift; path = UMGameAnalyticsSwift.swift; sourceTree = "<group>"; };
		47BD519F2AC5B43F0029F9DB /* UMAnalyticsSwift.swift */ = {isa = PBXFileReference; fileEncoding = 4; lastKnownFileType = sourcecode.swift; path = UMAnalyticsSwift.swift; sourceTree = "<group>"; };
		47BD51A42AC5B4960029F9DB /* UMAnalyticsGame.framework */ = {isa = PBXFileReference; lastKnownFileType = wrapper.framework; path = UMAnalyticsGame.framework; sourceTree = "<group>"; };
		47BD51A62AC5B5A40029F9DB /* UMengManager.swift */ = {isa = PBXFileReference; lastKnownFileType = sourcecode.swift; path = UMengManager.swift; sourceTree = "<group>"; };
		47CBA2402AA5CF32009F9242 /* CourseShortInfo.swift */ = {isa = PBXFileReference; lastKnownFileType = sourcecode.swift; path = CourseShortInfo.swift; sourceTree = "<group>"; };
		47CE0FF62ACADED400C68CA3 /* AddCustomEventView.swift */ = {isa = PBXFileReference; lastKnownFileType = sourcecode.swift; path = AddCustomEventView.swift; sourceTree = "<group>"; };
		47CE0FF82ACAF04700C68CA3 /* EditEventView.swift */ = {isa = PBXFileReference; lastKnownFileType = sourcecode.swift; path = EditEventView.swift; sourceTree = "<group>"; };
		47CE0FFA2ACAFB8600C68CA3 /* ViewEventView.swift */ = {isa = PBXFileReference; lastKnownFileType = sourcecode.swift; path = ViewEventView.swift; sourceTree = "<group>"; };
		47E1D6A32AD01FDF007A0D75 /* HaoBIT.swift */ = {isa = PBXFileReference; lastKnownFileType = sourcecode.swift; path = "\bHaoBIT.swift"; sourceTree = "<group>"; };
		47EC98792ACBB6BF009CE125 /* DeletedEventView.swift */ = {isa = PBXFileReference; lastKnownFileType = sourcecode.swift; path = DeletedEventView.swift; sourceTree = "<group>"; };
		47F30A602AD2E201001A0F2F /* FavoriteURLView.swift */ = {isa = PBXFileReference; lastKnownFileType = sourcecode.swift; path = FavoriteURLView.swift; sourceTree = "<group>"; };
		47F4F2872AC080100047B395 /* AvatarSettingView.swift */ = {isa = PBXFileReference; lastKnownFileType = sourcecode.swift; path = AvatarSettingView.swift; sourceTree = "<group>"; };
		47F4F28D2AC086A90047B395 /* Color+Extensions.swift */ = {isa = PBXFileReference; fileEncoding = 4; lastKnownFileType = sourcecode.swift; path = "Color+Extensions.swift"; sourceTree = "<group>"; };
		47F4F28E2AC086A90047B395 /* ImageMoveAndScaleSheet+ViewModel.swift */ = {isa = PBXFileReference; fileEncoding = 4; lastKnownFileType = sourcecode.swift; path = "ImageMoveAndScaleSheet+ViewModel.swift"; sourceTree = "<group>"; };
		47F4F28F2AC086A90047B395 /* ImageManipulation.swift */ = {isa = PBXFileReference; fileEncoding = 4; lastKnownFileType = sourcecode.swift; path = ImageManipulation.swift; sourceTree = "<group>"; };
		47F4F2902AC086A90047B395 /* ImageAttributes.swift */ = {isa = PBXFileReference; fileEncoding = 4; lastKnownFileType = sourcecode.swift; path = ImageAttributes.swift; sourceTree = "<group>"; };
		47F4F2912AC086A90047B395 /* ImageMoveAndScaleSheet+Extensions.swift */ = {isa = PBXFileReference; fileEncoding = 4; lastKnownFileType = sourcecode.swift; path = "ImageMoveAndScaleSheet+Extensions.swift"; sourceTree = "<group>"; };
		47F4F2922AC086A90047B395 /* ImagePane.swift */ = {isa = PBXFileReference; fileEncoding = 4; lastKnownFileType = sourcecode.swift; path = ImagePane.swift; sourceTree = "<group>"; };
		47F4F2932AC086A90047B395 /* SystemPHPicker.swift */ = {isa = PBXFileReference; fileEncoding = 4; lastKnownFileType = sourcecode.swift; path = SystemPHPicker.swift; sourceTree = "<group>"; };
		47F4F2942AC086A90047B395 /* DeviceOrientation.swift */ = {isa = PBXFileReference; fileEncoding = 4; lastKnownFileType = sourcecode.swift; path = DeviceOrientation.swift; sourceTree = "<group>"; };
		47F4F2952AC086A90047B395 /* Image+Extensions.swift */ = {isa = PBXFileReference; fileEncoding = 4; lastKnownFileType = sourcecode.swift; path = "Image+Extensions.swift"; sourceTree = "<group>"; };
		47F4F2962AC086A90047B395 /* SystemImagePicker.swift */ = {isa = PBXFileReference; fileEncoding = 4; lastKnownFileType = sourcecode.swift; path = SystemImagePicker.swift; sourceTree = "<group>"; };
		47F4F2972AC086A90047B395 /* ViewModifiers.swift */ = {isa = PBXFileReference; fileEncoding = 4; lastKnownFileType = sourcecode.swift; path = ViewModifiers.swift; sourceTree = "<group>"; };
		47F4F2982AC086A90047B395 /* ImageMoveAndScaleSheet.swift */ = {isa = PBXFileReference; fileEncoding = 4; lastKnownFileType = sourcecode.swift; path = ImageMoveAndScaleSheet.swift; sourceTree = "<group>"; };
		47F4FD132ACD966C00C6C144 /* Event_SmallView.swift */ = {isa = PBXFileReference; lastKnownFileType = sourcecode.swift; path = Event_SmallView.swift; sourceTree = "<group>"; };
		47F4FD202ACDA01700C6C144 /* LexueWidgetExtension.entitlements */ = {isa = PBXFileReference; lastKnownFileType = text.plist.entitlements; path = LexueWidgetExtension.entitlements; sourceTree = "<group>"; };
		47F4FD212ACDA06700C6C144 /* LexueSwiftUI.entitlements */ = {isa = PBXFileReference; lastKnownFileType = text.plist.entitlements; path = LexueSwiftUI.entitlements; sourceTree = "<group>"; };
		47F4FD272ACDADCA00C6C144 /* Event_MediumView.swift */ = {isa = PBXFileReference; lastKnownFileType = sourcecode.swift; path = Event_MediumView.swift; sourceTree = "<group>"; };
		47F4FD2A2ACDB9CF00C6C144 /* Event_LargeView.swift */ = {isa = PBXFileReference; lastKnownFileType = sourcecode.swift; path = Event_LargeView.swift; sourceTree = "<group>"; };
		47FBC8C52AC579DD00FB1523 /* SystemConfiguration.framework */ = {isa = PBXFileReference; lastKnownFileType = wrapper.framework; name = SystemConfiguration.framework; path = System/Library/Frameworks/SystemConfiguration.framework; sourceTree = SDKROOT; };
/* End PBXFileReference section */

/* Begin PBXFrameworksBuildPhase section */
		47196FD92AC5514F00979DFE /* Frameworks */ = {
			isa = PBXFrameworksBuildPhase;
			buildActionMask = 2147483647;
			files = (
				47F4FD1D2ACD9ECA00C6C144 /* Alamofire in Frameworks */,
				47F4FD1F2ACD9EED00C6C144 /* SwiftSoup in Frameworks */,
				47196FDE2AC5514F00979DFE /* SwiftUI.framework in Frameworks */,
				47196FDD2AC5514F00979DFE /* WidgetKit.framework in Frameworks */,
			);
			runOnlyForDeploymentPostprocessing = 0;
		};
		473BAE792AA48DAA00968C3C /* Frameworks */ = {
			isa = PBXFrameworksBuildPhase;
			buildActionMask = 2147483647;
			files = (
				479B22E42AD57B0300A7DCC7 /* Tabler in Frameworks */,
				475AFEF92AAF61C900C4020F /* Alamofire in Frameworks */,
				475AFEFE2AAF68E100C4020F /* SwiftSoup in Frameworks */,
				47970AC22AC5AC7200C5BD03 /* UMAPM.framework in Frameworks */,
				47970AC72AC5AC9800C5BD03 /* CoreTelephony.framework in Frameworks */,
				47970AC92AC5ACAB00C5BD03 /* libsqlite3.tbd in Frameworks */,
				47BD51A52AC5B4970029F9DB /* UMAnalyticsGame.framework in Frameworks */,
				47970AC02AC5AC7200C5BD03 /* UMDevice.framework in Frameworks */,
				479B22E72AD57D8100A7DCC7 /* Sideways in Frameworks */,
				47970AC52AC5AC7200C5BD03 /* UMCommonLog.framework in Frameworks */,
				47970AC42AC5AC7200C5BD03 /* UMCommon.framework in Frameworks */,
				47B442162AC6D3B700EE03A9 /* MarkdownUI in Frameworks */,
				479B22EA2AD641E100A7DCC7 /* LightChart in Frameworks */,
				47970ACB2AC5ACBA00C5BD03 /* libz.tbd in Frameworks */,
				479839E02AAA2B9B0094C5E1 /* ImageViewerRemote in Frameworks */,
				479129C02AC309BA00F811F9 /* WebView in Frameworks */,
				47FBC8C62AC579DD00FB1523 /* SystemConfiguration.framework in Frameworks */,
				479839DE2AAA2B9B0094C5E1 /* ImageViewer in Frameworks */,
			);
			runOnlyForDeploymentPostprocessing = 0;
		};
/* End PBXFrameworksBuildPhase section */

/* Begin PBXGroup section */
		470AFC642ACB15DF004C7F70 /* DataProviders */ = {
			isa = PBXGroup;
			children = (
				470AFC652ACB15FB004C7F70 /* DataProviderBase.swift */,
				470AFC672ACB16D6004C7F70 /* DataProviderManager.swift */,
				470AFC692ACB194D004C7F70 /* LexueDataProvider.swift */,
				475E22AE2ACFB4C800FE8679 /* InfoMergingDataProvider.swift */,
			);
			path = DataProviders;
			sourceTree = "<group>";
		};
		47196FB92AC54C6E00979DFE /* Frameworks */ = {
			isa = PBXGroup;
			children = (
				47970ACA2AC5ACB600C5BD03 /* libz.tbd */,
				47970AC82AC5ACA500C5BD03 /* libsqlite3.tbd */,
				47BD51A42AC5B4960029F9DB /* UMAnalyticsGame.framework */,
				47970AC62AC5AC9800C5BD03 /* CoreTelephony.framework */,
				47970ABC2AC5AC7200C5BD03 /* UMAPM.framework */,
				47970ABE2AC5AC7200C5BD03 /* UMCommon.framework */,
				47970ABD2AC5AC7200C5BD03 /* UMCommonLog.bundle */,
				47970ABF2AC5AC7200C5BD03 /* UMCommonLog.framework */,
				47970ABA2AC5AC7200C5BD03 /* UMDevice.framework */,
				47FBC8C52AC579DD00FB1523 /* SystemConfiguration.framework */,
				47196FBA2AC54C6E00979DFE /* WidgetKit.framework */,
				47196FBC2AC54C6E00979DFE /* SwiftUI.framework */,
			);
			name = Frameworks;
			sourceTree = "<group>";
		};
		47196FDF2AC5514F00979DFE /* LexueWidget */ = {
			isa = PBXGroup;
			children = (
				47196FF52AC5520900979DFE /* Views */,
				47196FEE2AC551D200979DFE /* DefaultEntry.swift */,
				47196FEF2AC551D200979DFE /* Provider.swift */,
				47196FED2AC551D200979DFE /* Widget_Extension.swift */,
				47196FE02AC5514F00979DFE /* LexueWidgetBundle.swift */,
				47196FE42AC5515000979DFE /* Assets.xcassets */,
				47196FE62AC5515000979DFE /* Info.plist */,
			);
			path = LexueWidget;
			sourceTree = "<group>";
		};
		47196FF52AC5520900979DFE /* Views */ = {
			isa = PBXGroup;
			children = (
				47196FF62AC5522500979DFE /* WidgetView.swift */,
				47F4FD132ACD966C00C6C144 /* Event_SmallView.swift */,
				47F4FD272ACDADCA00C6C144 /* Event_MediumView.swift */,
				47F4FD2A2ACDB9CF00C6C144 /* Event_LargeView.swift */,
			);
			path = Views;
			sourceTree = "<group>";
		};
		473BAE732AA48DAA00968C3C = {
			isa = PBXGroup;
			children = (
				47F4FD202ACDA01700C6C144 /* LexueWidgetExtension.entitlements */,
				473BAE7E2AA48DAA00968C3C /* LexueSwiftUI */,
				47196FDF2AC5514F00979DFE /* LexueWidget */,
				47196FB92AC54C6E00979DFE /* Frameworks */,
				47B695962AC570FE0070D3EA /* .gitignore */,
				473BAE7D2AA48DAA00968C3C /* Products */,
			);
			sourceTree = "<group>";
		};
		473BAE7D2AA48DAA00968C3C /* Products */ = {
			isa = PBXGroup;
			children = (
				473BAE7C2AA48DAA00968C3C /* LexueSwiftUI.app */,
				47196FDC2AC5514F00979DFE /* LexueWidgetExtension.appex */,
			);
			name = Products;
			sourceTree = "<group>";
		};
		473BAE7E2AA48DAA00968C3C /* LexueSwiftUI */ = {
			isa = PBXGroup;
			children = (
				47F4FD212ACDA06700C6C144 /* LexueSwiftUI.entitlements */,
				470AFC642ACB15DF004C7F70 /* DataProviders */,
				47BD519A2AC5B3AC0029F9DB /* UMSwift */,
				47F4F28C2AC086590047B395 /* PhotoSelectAndCrop */,
				47CBA23F2AA5CE2F009F9242 /* Models */,
				473BAE922AA48E9500968C3C /* Managers */,
				473BAE912AA48E8200968C3C /* Network */,
				473BAE8D2AA48E4300968C3C /* Views */,
				473BAE7F2AA48DAA00968C3C /* LexueSwiftUIApp.swift */,
				473BAE832AA48DAA00968C3C /* Assets.xcassets */,
				473BAE852AA48DAA00968C3C /* Preview Content */,
				473BAE9D2AA4C16D00968C3C /* GlobalVariables.swift */,
				4729849F2AA706BB000814EE /* Extensions.swift */,
				47B442122AC6CE6E00EE03A9 /* PrivacyAgreement.md */,
				47223A602AD053E4000D8B9C /* KeyInfo.plist */,
				473D88952AD1195A00E7EB63 /* AboutApp.md */,
			);
			path = LexueSwiftUI;
			sourceTree = "<group>";
		};
		473BAE852AA48DAA00968C3C /* Preview Content */ = {
			isa = PBXGroup;
			children = (
				473BAE862AA48DAA00968C3C /* Preview Assets.xcassets */,
			);
			path = "Preview Content";
			sourceTree = "<group>";
		};
		473BAE8D2AA48E4300968C3C /* Views */ = {
			isa = PBXGroup;
			children = (
				479B22DF2AD5719F00A7DCC7 /* Misc */,
				47B4420E2AC6CD9200EE03A9 /* Privacy */,
				473BAE8E2AA48E5100968C3C /* Message */,
				473BAE8F2AA48E6000968C3C /* Course */,
				473BAE902AA48E6700968C3C /* Setting */,
				474C9B772AA4E3680064B5AF /* Event */,
				473BAE812AA48DAA00968C3C /* ContentView.swift */,
				47BA831E2AC1289100954129 /* UnloginView.swift */,
				479129C12AC30A3A00F811F9 /* LexueBroswerView.swift */,
				473D88962AD126DD00E7EB63 /* WelcomeUseWidget.swift */,
			);
			path = Views;
			sourceTree = "<group>";
		};
		473BAE8E2AA48E5100968C3C /* Message */ = {
			isa = PBXGroup;
			children = (
				473BAE972AA496B800968C3C /* MessageListView.swift */,
				4799C8182AA6239800F812D6 /* MessageDetailView.swift */,
				474515122AAB641700CCF24E /* ContactDetailView.swift */,
				4715BE852ACC49F600163DA9 /* ContactAvatarSettingView.swift */,
			);
			path = Message;
			sourceTree = "<group>";
		};
		473BAE8F2AA48E6000968C3C /* Course */ = {
			isa = PBXGroup;
			children = (
				473BAE952AA496AE00968C3C /* CourseListView.swift */,
				470CC59A2AC1D15900142AC5 /* CourseDetailView.swift */,
				47476B2E2AC2DC51009D967B /* CourseMembersListView.swift */,
				47F30A602AD2E201001A0F2F /* FavoriteURLView.swift */,
			);
			path = Course;
			sourceTree = "<group>";
		};
		473BAE902AA48E6700968C3C /* Setting */ = {
			isa = PBXGroup;
			children = (
				47B4420A2AC5C0B600EE03A9 /* PrivacyStatement.swift */,
				473BAE932AA4969F00968C3C /* SettingView.swift */,
				47A927882AA786ED00ABDC53 /* DebugDataView.swift */,
				4791050E2AB0ACD4004FD26C /* LoginView.swift */,
				475EDED32AB60697008486F0 /* ProfileView.swift */,
				47F4F2872AC080100047B395 /* AvatarSettingView.swift */,
				47B411782ACBD96300AC0B5E /* DataProviderSettingView.swift */,
				47BCFB952ACD6A6200320CFD /* PackageDeclarationView.swift */,
				47BCFB982ACD6FD800320CFD /* AboutView.swift */,
			);
			path = Setting;
			sourceTree = "<group>";
		};
		473BAE912AA48E8200968C3C /* Network */ = {
			isa = PBXGroup;
			children = (
				475AFEF52AAF560A00C4020F /* BITLogin.swift */,
				475AFEFF2AB02A0C00C4020F /* LexueAPI.swift */,
				47E1D6A32AD01FDF007A0D75 /* HaoBIT.swift */,
				473D88982AD1955800E7EB63 /* GPTApiFree.swift */,
				478B70552AD445190008865A /* Webvpn.swift */,
			);
			path = Network;
			sourceTree = "<group>";
		};
		473BAE922AA48E9500968C3C /* Managers */ = {
			isa = PBXGroup;
			children = (
				473BAE9B2AA4C13B00968C3C /* SettingStorage.swift */,
				4799C8142AA6235C00F812D6 /* ContactsManager.swift */,
				4799C8162AA6237500F812D6 /* CourseManager.swift */,
				47A927842AA7836300ABDC53 /* MessageManager.swift */,
				472C4BC22AB15D3B001C1755 /* AppStatusManager.swift */,
				47758F4B2AB2F61C0043D65A /* CoreLogicManager.swift */,
				4750EB822AC43C640071118F /* LocalNotificationManager.swift */,
				47BD51A62AC5B5A40029F9DB /* UMengManager.swift */,
				471A1D182AC9932C00A3D847 /* EventManager.swift */,
			);
			path = Managers;
			sourceTree = "<group>";
		};
		474C9B772AA4E3680064B5AF /* Event */ = {
			isa = PBXGroup;
			children = (
				474C9B782AA4E38D0064B5AF /* EventListView.swift */,
				47B2A8302AC9C9D700957DF0 /* EventPreferenceSettingView.swift */,
				47CE0FF62ACADED400C68CA3 /* AddCustomEventView.swift */,
				47CE0FF82ACAF04700C68CA3 /* EditEventView.swift */,
				47CE0FFA2ACAFB8600C68CA3 /* ViewEventView.swift */,
				47EC98792ACBB6BF009CE125 /* DeletedEventView.swift */,
			);
			path = Event;
			sourceTree = "<group>";
		};
		479B22DF2AD5719F00A7DCC7 /* Misc */ = {
			isa = PBXGroup;
			children = (
				479B22E02AD571C400A7DCC7 /* ViewScoreView.swift */,
				479B22EB2AD641FB00A7DCC7 /* ViewCourseScoreView.swift */,
				4700A8032AD6ED8000F75386 /* GeneralScoreAnalyze.swift */,
			);
			path = Misc;
			sourceTree = "<group>";
		};
		47B4420E2AC6CD9200EE03A9 /* Privacy */ = {
			isa = PBXGroup;
			children = (
				47B4420C2AC5C34100EE03A9 /* PrivacyPolicyView.swift */,
				47B4420F2AC6CDC400EE03A9 /* UserAgreement.swift */,
			);
			path = Privacy;
			sourceTree = "<group>";
		};
		47BD519A2AC5B3AC0029F9DB /* UMSwift */ = {
			isa = PBXGroup;
			children = (
				47BD519F2AC5B43F0029F9DB /* UMAnalyticsSwift.swift */,
				47BD519D2AC5B43F0029F9DB /* UMCommonLogSwift.swift */,
				47BD519C2AC5B43F0029F9DB /* UMCommonSwift.swift */,
				47BD519E2AC5B43F0029F9DB /* UMGameAnalyticsSwift.swift */,
				47BD519B2AC5B3BA0029F9DB /* Bridge.h */,
			);
			path = UMSwift;
			sourceTree = "<group>";
		};
		47CBA23F2AA5CE2F009F9242 /* Models */ = {
			isa = PBXGroup;
			children = (
				47CBA2402AA5CF32009F9242 /* CourseShortInfo.swift */,
				4799C81A2AA62CDB00F812D6 /* ContactMessageModel.swift */,
				47A9277F2AA77E6500ABDC53 /* MessageModel.xcdatamodeld */,
				47A927822AA77FDA00ABDC53 /* DataController.swift */,
				479839DA2AA9FCD40094C5E1 /* ContactDisplayModel.swift */,
				476340302AB89F47006C24E2 /* LexueProfile.swift */,
			);
			path = Models;
			sourceTree = "<group>";
		};
		47F4F28C2AC086590047B395 /* PhotoSelectAndCrop */ = {
			isa = PBXGroup;
			children = (
				47F4F28D2AC086A90047B395 /* Color+Extensions.swift */,
				47F4F2942AC086A90047B395 /* DeviceOrientation.swift */,
				47F4F2952AC086A90047B395 /* Image+Extensions.swift */,
				47F4F2902AC086A90047B395 /* ImageAttributes.swift */,
				47F4F28F2AC086A90047B395 /* ImageManipulation.swift */,
				47F4F2982AC086A90047B395 /* ImageMoveAndScaleSheet.swift */,
				47F4F2912AC086A90047B395 /* ImageMoveAndScaleSheet+Extensions.swift */,
				47F4F28E2AC086A90047B395 /* ImageMoveAndScaleSheet+ViewModel.swift */,
				47F4F2922AC086A90047B395 /* ImagePane.swift */,
				47F4F2962AC086A90047B395 /* SystemImagePicker.swift */,
				47F4F2932AC086A90047B395 /* SystemPHPicker.swift */,
				47F4F2972AC086A90047B395 /* ViewModifiers.swift */,
			);
			path = PhotoSelectAndCrop;
			sourceTree = "<group>";
		};
/* End PBXGroup section */

/* Begin PBXNativeTarget section */
		47196FDB2AC5514F00979DFE /* LexueWidgetExtension */ = {
			isa = PBXNativeTarget;
			buildConfigurationList = 47196FEA2AC5515000979DFE /* Build configuration list for PBXNativeTarget "LexueWidgetExtension" */;
			buildPhases = (
				47196FD82AC5514F00979DFE /* Sources */,
				47196FD92AC5514F00979DFE /* Frameworks */,
				47196FDA2AC5514F00979DFE /* Resources */,
			);
			buildRules = (
			);
			dependencies = (
			);
			name = LexueWidgetExtension;
			packageProductDependencies = (
				47F4FD1C2ACD9ECA00C6C144 /* Alamofire */,
				47F4FD1E2ACD9EED00C6C144 /* SwiftSoup */,
			);
			productName = LexueWidgetExtension;
			productReference = 47196FDC2AC5514F00979DFE /* LexueWidgetExtension.appex */;
			productType = "com.apple.product-type.app-extension";
		};
		473BAE7B2AA48DAA00968C3C /* LexueSwiftUI */ = {
			isa = PBXNativeTarget;
			buildConfigurationList = 473BAE8A2AA48DAA00968C3C /* Build configuration list for PBXNativeTarget "LexueSwiftUI" */;
			buildPhases = (
				473BAE782AA48DAA00968C3C /* Sources */,
				473BAE792AA48DAA00968C3C /* Frameworks */,
				473BAE7A2AA48DAA00968C3C /* Resources */,
				474D77A52AA6410A007F8188 /* Embed Frameworks */,
				47196FCB2AC54C7000979DFE /* Embed Foundation Extensions */,
			);
			buildRules = (
			);
			dependencies = (
				47196FE82AC5515000979DFE /* PBXTargetDependency */,
			);
			name = LexueSwiftUI;
			packageProductDependencies = (
				479839DD2AAA2B9B0094C5E1 /* ImageViewer */,
				479839DF2AAA2B9B0094C5E1 /* ImageViewerRemote */,
				475AFEF82AAF61C900C4020F /* Alamofire */,
				475AFEFD2AAF68E100C4020F /* SwiftSoup */,
				479129BF2AC309BA00F811F9 /* WebView */,
				47B442152AC6D3B700EE03A9 /* MarkdownUI */,
				479B22E32AD57B0300A7DCC7 /* Tabler */,
				479B22E62AD57D8100A7DCC7 /* Sideways */,
				479B22E92AD641E100A7DCC7 /* LightChart */,
			);
			productName = LexueSwiftUI;
			productReference = 473BAE7C2AA48DAA00968C3C /* LexueSwiftUI.app */;
			productType = "com.apple.product-type.application";
		};
/* End PBXNativeTarget section */

/* Begin PBXProject section */
		473BAE742AA48DAA00968C3C /* Project object */ = {
			isa = PBXProject;
			attributes = {
				BuildIndependentTargetsInParallel = 1;
				LastSwiftUpdateCheck = 1500;
				LastUpgradeCheck = 1420;
				TargetAttributes = {
					47196FDB2AC5514F00979DFE = {
						CreatedOnToolsVersion = 15.0;
					};
					473BAE7B2AA48DAA00968C3C = {
						CreatedOnToolsVersion = 14.2;
					};
				};
			};
			buildConfigurationList = 473BAE772AA48DAA00968C3C /* Build configuration list for PBXProject "LexueSwiftUI" */;
			compatibilityVersion = "Xcode 14.0";
			developmentRegion = "zh-Hans";
			hasScannedForEncodings = 0;
			knownRegions = (
				en,
				Base,
				"zh-Hans",
			);
			mainGroup = 473BAE732AA48DAA00968C3C;
			packageReferences = (
				479839DC2AAA2B9B0094C5E1 /* XCRemoteSwiftPackageReference "swiftui-image-viewer" */,
				475AFEF72AAF61C900C4020F /* XCRemoteSwiftPackageReference "Alamofire" */,
				475AFEFC2AAF68E100C4020F /* XCRemoteSwiftPackageReference "SwiftSoup" */,
				479129BE2AC309BA00F811F9 /* XCRemoteSwiftPackageReference "SwiftUI-WebView" */,
				47B442142AC6D3B700EE03A9 /* XCRemoteSwiftPackageReference "swift-markdown-ui" */,
				479B22E22AD57B0300A7DCC7 /* XCRemoteSwiftPackageReference "SwiftTabler" */,
				479B22E52AD57D8100A7DCC7 /* XCRemoteSwiftPackageReference "SwiftSideways" */,
				479B22E82AD641E100A7DCC7 /* XCRemoteSwiftPackageReference "LightChart" */,
			);
			productRefGroup = 473BAE7D2AA48DAA00968C3C /* Products */;
			projectDirPath = "";
			projectRoot = "";
			targets = (
				473BAE7B2AA48DAA00968C3C /* LexueSwiftUI */,
				47196FDB2AC5514F00979DFE /* LexueWidgetExtension */,
			);
		};
/* End PBXProject section */

/* Begin PBXResourcesBuildPhase section */
		47196FDA2AC5514F00979DFE /* Resources */ = {
			isa = PBXResourcesBuildPhase;
			buildActionMask = 2147483647;
			files = (
				47196FE52AC5515000979DFE /* Assets.xcassets in Resources */,
			);
			runOnlyForDeploymentPostprocessing = 0;
		};
		473BAE7A2AA48DAA00968C3C /* Resources */ = {
			isa = PBXResourcesBuildPhase;
			buildActionMask = 2147483647;
			files = (
				47B695972AC570FE0070D3EA /* .gitignore in Resources */,
				473BAE872AA48DAA00968C3C /* Preview Assets.xcassets in Resources */,
				47B442132AC6CE6E00EE03A9 /* PrivacyAgreement.md in Resources */,
				473BAE842AA48DAA00968C3C /* Assets.xcassets in Resources */,
				47223A612AD053E4000D8B9C /* KeyInfo.plist in Resources */,
				47970AC32AC5AC7200C5BD03 /* UMCommonLog.bundle in Resources */,
			);
			runOnlyForDeploymentPostprocessing = 0;
		};
/* End PBXResourcesBuildPhase section */

/* Begin PBXSourcesBuildPhase section */
		47196FD82AC5514F00979DFE /* Sources */ = {
			isa = PBXSourcesBuildPhase;
			buildActionMask = 2147483647;
			files = (
				47F4FD2C2ACDBF3F00C6C144 /* LocalNotificationManager.swift in Sources */,
				47F4FD312ACDC1D800C6C144 /* DataProviderBase.swift in Sources */,
				47196FF72AC5522500979DFE /* WidgetView.swift in Sources */,
				47F4FD172ACD9CD700C6C144 /* LexueAPI.swift in Sources */,
				47F4FD162ACD9CD500C6C144 /* BITLogin.swift in Sources */,
				47F4FD262ACDA64500C6C144 /* MessageModel.xcdatamodeld in Sources */,
				47F4FD242ACDA62E00C6C144 /* ContactMessageModel.swift in Sources */,
				47196FF22AC551D200979DFE /* DefaultEntry.swift in Sources */,
				47F4FD182ACD9CE200C6C144 /* GlobalVariables.swift in Sources */,
				47F4FD2E2ACDC07900C6C144 /* CourseManager.swift in Sources */,
				47F4FD322ACDC1DA00C6C144 /* LexueDataProvider.swift in Sources */,
				47196FE12AC5514F00979DFE /* LexueWidgetBundle.swift in Sources */,
				47F4FD252ACDA63A00C6C144 /* ContactDisplayModel.swift in Sources */,
				47F4FD282ACDADCA00C6C144 /* Event_MediumView.swift in Sources */,
				47196FF32AC551D200979DFE /* Provider.swift in Sources */,
				47F4FD2B2ACDB9CF00C6C144 /* Event_LargeView.swift in Sources */,
				47F4FD232ACDA62400C6C144 /* DataController.swift in Sources */,
				47196FF12AC551D200979DFE /* Widget_Extension.swift in Sources */,
				47F4FD302ACDC1D600C6C144 /* DataProviderManager.swift in Sources */,
				47F4FD332ACDC1E600C6C144 /* MessageManager.swift in Sources */,
				47F4FD142ACD966C00C6C144 /* Event_SmallView.swift in Sources */,
				47F4FD292ACDB4EE00C6C144 /* EventManager.swift in Sources */,
				47F4FD1A2ACD9D3500C6C144 /* CourseShortInfo.swift in Sources */,
				475E22B02ACFB66700FE8679 /* InfoMergingDataProvider.swift in Sources */,
				47F4FD192ACD9CFE00C6C144 /* Extensions.swift in Sources */,
				47F4FD1B2ACD9D4000C6C144 /* LexueProfile.swift in Sources */,
				47F4FD152ACD9CAC00C6C144 /* SettingStorage.swift in Sources */,
				47D230412AD028D1000DB15C /* HaoBIT.swift in Sources */,
			);
			runOnlyForDeploymentPostprocessing = 0;
		};
		473BAE782AA48DAA00968C3C /* Sources */ = {
			isa = PBXSourcesBuildPhase;
			buildActionMask = 2147483647;
			files = (
				473D88992AD1955800E7EB63 /* GPTApiFree.swift in Sources */,
				47BD51A72AC5B5A40029F9DB /* UMengManager.swift in Sources */,
				473BAE9C2AA4C13B00968C3C /* SettingStorage.swift in Sources */,
				4799C8192AA6239800F812D6 /* MessageDetailView.swift in Sources */,
				473BAE942AA4969F00968C3C /* SettingView.swift in Sources */,
				473BAE822AA48DAA00968C3C /* ContentView.swift in Sources */,
				470CC59B2AC1D15900142AC5 /* CourseDetailView.swift in Sources */,
				4791050F2AB0ACD4004FD26C /* LoginView.swift in Sources */,
				47BD51A22AC5B43F0029F9DB /* UMGameAnalyticsSwift.swift in Sources */,
				478B70562AD445190008865A /* Webvpn.swift in Sources */,
				473BAE802AA48DAA00968C3C /* LexueSwiftUIApp.swift in Sources */,
				47B4420B2AC5C0B600EE03A9 /* PrivacyStatement.swift in Sources */,
				473BAE9E2AA4C16D00968C3C /* GlobalVariables.swift in Sources */,
				473BAE982AA496B800968C3C /* MessageListView.swift in Sources */,
				47F4F2A22AC086A90047B395 /* SystemImagePicker.swift in Sources */,
				479B22E12AD571C400A7DCC7 /* ViewScoreView.swift in Sources */,
				4799C8152AA6235C00F812D6 /* ContactsManager.swift in Sources */,
				472C4BC32AB15D3B001C1755 /* AppStatusManager.swift in Sources */,
				4799C8172AA6237500F812D6 /* CourseManager.swift in Sources */,
				47B411792ACBD96300AC0B5E /* DataProviderSettingView.swift in Sources */,
				47CBA2412AA5CF32009F9242 /* CourseShortInfo.swift in Sources */,
				47A927892AA786ED00ABDC53 /* DebugDataView.swift in Sources */,
				479129C22AC30A3A00F811F9 /* LexueBroswerView.swift in Sources */,
				474515132AAB641700CCF24E /* ContactDetailView.swift in Sources */,
				475EDED42AB60697008486F0 /* ProfileView.swift in Sources */,
				47A927812AA77E6500ABDC53 /* MessageModel.xcdatamodeld in Sources */,
				47E1D6A42AD01FDF007A0D75 /* HaoBIT.swift in Sources */,
				475AFEF62AAF560A00C4020F /* BITLogin.swift in Sources */,
				47BD51A02AC5B43F0029F9DB /* UMCommonSwift.swift in Sources */,
				475E22AF2ACFB4C800FE8679 /* InfoMergingDataProvider.swift in Sources */,
				47A927852AA7836300ABDC53 /* MessageManager.swift in Sources */,
				47F4F29A2AC086A90047B395 /* ImageMoveAndScaleSheet+ViewModel.swift in Sources */,
				47BD51A12AC5B43F0029F9DB /* UMCommonLogSwift.swift in Sources */,
				47F4F2882AC080100047B395 /* AvatarSettingView.swift in Sources */,
				4715BE862ACC49F600163DA9 /* ContactAvatarSettingView.swift in Sources */,
				47CE0FF72ACADED400C68CA3 /* AddCustomEventView.swift in Sources */,
				47EC987A2ACBB6BF009CE125 /* DeletedEventView.swift in Sources */,
				470AFC662ACB15FB004C7F70 /* DataProviderBase.swift in Sources */,
				47F4F2A42AC086A90047B395 /* ImageMoveAndScaleSheet.swift in Sources */,
				473BAE962AA496AE00968C3C /* CourseListView.swift in Sources */,
				470AFC682ACB16D6004C7F70 /* DataProviderManager.swift in Sources */,
				47F4F29B2AC086A90047B395 /* ImageManipulation.swift in Sources */,
				47BD51A32AC5B43F0029F9DB /* UMAnalyticsSwift.swift in Sources */,
				474C9B792AA4E38D0064B5AF /* EventListView.swift in Sources */,
				476340312AB89F47006C24E2 /* LexueProfile.swift in Sources */,
				47BCFB962ACD6A6200320CFD /* PackageDeclarationView.swift in Sources */,
				47A927832AA77FDA00ABDC53 /* DataController.swift in Sources */,
				47B442102AC6CDC400EE03A9 /* UserAgreement.swift in Sources */,
				471A1D192AC9932C00A3D847 /* EventManager.swift in Sources */,
				47B4420D2AC5C34100EE03A9 /* PrivacyPolicyView.swift in Sources */,
				47F4F29D2AC086A90047B395 /* ImageMoveAndScaleSheet+Extensions.swift in Sources */,
				47BCFB992ACD6FD800320CFD /* AboutView.swift in Sources */,
				47CE0FFB2ACAFB8600C68CA3 /* ViewEventView.swift in Sources */,
				475AFF002AB02A0C00C4020F /* LexueAPI.swift in Sources */,
				47F4F29C2AC086A90047B395 /* ImageAttributes.swift in Sources */,
				470AFC6A2ACB194D004C7F70 /* LexueDataProvider.swift in Sources */,
				47758F4C2AB2F61C0043D65A /* CoreLogicManager.swift in Sources */,
				47F4F2A12AC086A90047B395 /* Image+Extensions.swift in Sources */,
				479839DB2AA9FCD40094C5E1 /* ContactDisplayModel.swift in Sources */,
				47F4F2992AC086A90047B395 /* Color+Extensions.swift in Sources */,
				47F4F29E2AC086A90047B395 /* ImagePane.swift in Sources */,
				47F30A612AD2E201001A0F2F /* FavoriteURLView.swift in Sources */,
				4799C81B2AA62CDB00F812D6 /* ContactMessageModel.swift in Sources */,
				472984A02AA706BB000814EE /* Extensions.swift in Sources */,
				4700A8042AD6ED8000F75386 /* GeneralScoreAnalyze.swift in Sources */,
				47476B2F2AC2DC51009D967B /* CourseMembersListView.swift in Sources */,
				47B2A8312AC9C9D700957DF0 /* EventPreferenceSettingView.swift in Sources */,
				47F4F2A32AC086A90047B395 /* ViewModifiers.swift in Sources */,
				479B22EC2AD641FB00A7DCC7 /* ViewCourseScoreView.swift in Sources */,
				47F4F2A02AC086A90047B395 /* DeviceOrientation.swift in Sources */,
				473D88972AD126DD00E7EB63 /* WelcomeUseWidget.swift in Sources */,
				4750EB832AC43C640071118F /* LocalNotificationManager.swift in Sources */,
				47BA831F2AC1289100954129 /* UnloginView.swift in Sources */,
				47F4F29F2AC086A90047B395 /* SystemPHPicker.swift in Sources */,
				47CE0FF92ACAF04700C68CA3 /* EditEventView.swift in Sources */,
			);
			runOnlyForDeploymentPostprocessing = 0;
		};
/* End PBXSourcesBuildPhase section */

/* Begin PBXTargetDependency section */
		47196FE82AC5515000979DFE /* PBXTargetDependency */ = {
			isa = PBXTargetDependency;
			target = 47196FDB2AC5514F00979DFE /* LexueWidgetExtension */;
			targetProxy = 47196FE72AC5515000979DFE /* PBXContainerItemProxy */;
		};
/* End PBXTargetDependency section */

/* Begin XCBuildConfiguration section */
		47196FEB2AC5515000979DFE /* Debug */ = {
			isa = XCBuildConfiguration;
			buildSettings = {
				ASSETCATALOG_COMPILER_GENERATE_SWIFT_ASSET_SYMBOL_EXTENSIONS = YES;
				ASSETCATALOG_COMPILER_GLOBAL_ACCENT_COLOR_NAME = AccentColor;
				ASSETCATALOG_COMPILER_WIDGET_BACKGROUND_COLOR_NAME = WidgetBackground;
				CODE_SIGN_ENTITLEMENTS = LexueWidgetExtension.entitlements;
				CODE_SIGN_STYLE = Automatic;
				CURRENT_PROJECT_VERSION = 1;
				DEVELOPMENT_TEAM = 36YU895APH;
				ENABLE_USER_SCRIPT_SANDBOXING = YES;
				GCC_C_LANGUAGE_STANDARD = gnu17;
				GENERATE_INFOPLIST_FILE = YES;
				INFOPLIST_FILE = LexueWidget/Info.plist;
				INFOPLIST_KEY_CFBundleDisplayName = LexueWidget;
				INFOPLIST_KEY_NSHumanReadableCopyright = "";
				IPHONEOS_DEPLOYMENT_TARGET = 15.0;
				LD_RUNPATH_SEARCH_PATHS = (
					"$(inherited)",
					"@executable_path/Frameworks",
					"@executable_path/../../Frameworks",
				);
				LOCALIZATION_PREFERS_STRING_CATALOGS = YES;
				MARKETING_VERSION = 1.0;
				PRODUCT_BUNDLE_IDENTIFIER = cn.bobh.LexueSwiftUI.LexueWidget;
				PRODUCT_NAME = "$(TARGET_NAME)";
				SKIP_INSTALL = YES;
				SWIFT_ACTIVE_COMPILATION_CONDITIONS = "DEBUG $(inherited)";
				SWIFT_EMIT_LOC_STRINGS = YES;
				SWIFT_VERSION = 5.0;
				TARGETED_DEVICE_FAMILY = "1,2";
			};
			name = Debug;
		};
		47196FEC2AC5515000979DFE /* Release */ = {
			isa = XCBuildConfiguration;
			buildSettings = {
				ASSETCATALOG_COMPILER_GENERATE_SWIFT_ASSET_SYMBOL_EXTENSIONS = YES;
				ASSETCATALOG_COMPILER_GLOBAL_ACCENT_COLOR_NAME = AccentColor;
				ASSETCATALOG_COMPILER_WIDGET_BACKGROUND_COLOR_NAME = WidgetBackground;
				CODE_SIGN_ENTITLEMENTS = LexueWidgetExtension.entitlements;
				CODE_SIGN_STYLE = Automatic;
				CURRENT_PROJECT_VERSION = 1;
				DEVELOPMENT_TEAM = 36YU895APH;
				ENABLE_USER_SCRIPT_SANDBOXING = YES;
				GCC_C_LANGUAGE_STANDARD = gnu17;
				GENERATE_INFOPLIST_FILE = YES;
				INFOPLIST_FILE = LexueWidget/Info.plist;
				INFOPLIST_KEY_CFBundleDisplayName = LexueWidget;
				INFOPLIST_KEY_NSHumanReadableCopyright = "";
				IPHONEOS_DEPLOYMENT_TARGET = 15.0;
				LD_RUNPATH_SEARCH_PATHS = (
					"$(inherited)",
					"@executable_path/Frameworks",
					"@executable_path/../../Frameworks",
				);
				LOCALIZATION_PREFERS_STRING_CATALOGS = YES;
				MARKETING_VERSION = 1.0;
				PRODUCT_BUNDLE_IDENTIFIER = cn.bobh.LexueSwiftUI.LexueWidget;
				PRODUCT_NAME = "$(TARGET_NAME)";
				SKIP_INSTALL = YES;
				SWIFT_EMIT_LOC_STRINGS = YES;
				SWIFT_VERSION = 5.0;
				TARGETED_DEVICE_FAMILY = "1,2";
			};
			name = Release;
		};
		473BAE882AA48DAA00968C3C /* Debug */ = {
			isa = XCBuildConfiguration;
			buildSettings = {
				ALWAYS_SEARCH_USER_PATHS = NO;
				CLANG_ANALYZER_NONNULL = YES;
				CLANG_ANALYZER_NUMBER_OBJECT_CONVERSION = YES_AGGRESSIVE;
				CLANG_CXX_LANGUAGE_STANDARD = "gnu++20";
				CLANG_ENABLE_MODULES = YES;
				CLANG_ENABLE_OBJC_ARC = YES;
				CLANG_ENABLE_OBJC_WEAK = YES;
				CLANG_WARN_BLOCK_CAPTURE_AUTORELEASING = YES;
				CLANG_WARN_BOOL_CONVERSION = YES;
				CLANG_WARN_COMMA = YES;
				CLANG_WARN_CONSTANT_CONVERSION = YES;
				CLANG_WARN_DEPRECATED_OBJC_IMPLEMENTATIONS = YES;
				CLANG_WARN_DIRECT_OBJC_ISA_USAGE = YES_ERROR;
				CLANG_WARN_DOCUMENTATION_COMMENTS = YES;
				CLANG_WARN_EMPTY_BODY = YES;
				CLANG_WARN_ENUM_CONVERSION = YES;
				CLANG_WARN_INFINITE_RECURSION = YES;
				CLANG_WARN_INT_CONVERSION = YES;
				CLANG_WARN_NON_LITERAL_NULL_CONVERSION = YES;
				CLANG_WARN_OBJC_IMPLICIT_RETAIN_SELF = YES;
				CLANG_WARN_OBJC_LITERAL_CONVERSION = YES;
				CLANG_WARN_OBJC_ROOT_CLASS = YES_ERROR;
				CLANG_WARN_QUOTED_INCLUDE_IN_FRAMEWORK_HEADER = YES;
				CLANG_WARN_RANGE_LOOP_ANALYSIS = YES;
				CLANG_WARN_STRICT_PROTOTYPES = YES;
				CLANG_WARN_SUSPICIOUS_MOVE = YES;
				CLANG_WARN_UNGUARDED_AVAILABILITY = YES_AGGRESSIVE;
				CLANG_WARN_UNREACHABLE_CODE = YES;
				CLANG_WARN__DUPLICATE_METHOD_MATCH = YES;
				COPY_PHASE_STRIP = NO;
				DEBUG_INFORMATION_FORMAT = dwarf;
				ENABLE_STRICT_OBJC_MSGSEND = YES;
				ENABLE_TESTABILITY = YES;
				GCC_C_LANGUAGE_STANDARD = gnu11;
				GCC_DYNAMIC_NO_PIC = NO;
				GCC_NO_COMMON_BLOCKS = YES;
				GCC_OPTIMIZATION_LEVEL = 0;
				GCC_PREPROCESSOR_DEFINITIONS = (
					"DEBUG=1",
					"$(inherited)",
				);
				GCC_WARN_64_TO_32_BIT_CONVERSION = YES;
				GCC_WARN_ABOUT_RETURN_TYPE = YES_ERROR;
				GCC_WARN_UNDECLARED_SELECTOR = YES;
				GCC_WARN_UNINITIALIZED_AUTOS = YES_AGGRESSIVE;
				GCC_WARN_UNUSED_FUNCTION = YES;
				GCC_WARN_UNUSED_VARIABLE = YES;
				IPHONEOS_DEPLOYMENT_TARGET = 15.0;
				MTL_ENABLE_DEBUG_INFO = INCLUDE_SOURCE;
				MTL_FAST_MATH = YES;
				ONLY_ACTIVE_ARCH = YES;
				SDKROOT = iphoneos;
				SWIFT_ACTIVE_COMPILATION_CONDITIONS = DEBUG;
				SWIFT_OPTIMIZATION_LEVEL = "-Onone";
			};
			name = Debug;
		};
		473BAE892AA48DAA00968C3C /* Release */ = {
			isa = XCBuildConfiguration;
			buildSettings = {
				ALWAYS_SEARCH_USER_PATHS = NO;
				CLANG_ANALYZER_NONNULL = YES;
				CLANG_ANALYZER_NUMBER_OBJECT_CONVERSION = YES_AGGRESSIVE;
				CLANG_CXX_LANGUAGE_STANDARD = "gnu++20";
				CLANG_ENABLE_MODULES = YES;
				CLANG_ENABLE_OBJC_ARC = YES;
				CLANG_ENABLE_OBJC_WEAK = YES;
				CLANG_WARN_BLOCK_CAPTURE_AUTORELEASING = YES;
				CLANG_WARN_BOOL_CONVERSION = YES;
				CLANG_WARN_COMMA = YES;
				CLANG_WARN_CONSTANT_CONVERSION = YES;
				CLANG_WARN_DEPRECATED_OBJC_IMPLEMENTATIONS = YES;
				CLANG_WARN_DIRECT_OBJC_ISA_USAGE = YES_ERROR;
				CLANG_WARN_DOCUMENTATION_COMMENTS = YES;
				CLANG_WARN_EMPTY_BODY = YES;
				CLANG_WARN_ENUM_CONVERSION = YES;
				CLANG_WARN_INFINITE_RECURSION = YES;
				CLANG_WARN_INT_CONVERSION = YES;
				CLANG_WARN_NON_LITERAL_NULL_CONVERSION = YES;
				CLANG_WARN_OBJC_IMPLICIT_RETAIN_SELF = YES;
				CLANG_WARN_OBJC_LITERAL_CONVERSION = YES;
				CLANG_WARN_OBJC_ROOT_CLASS = YES_ERROR;
				CLANG_WARN_QUOTED_INCLUDE_IN_FRAMEWORK_HEADER = YES;
				CLANG_WARN_RANGE_LOOP_ANALYSIS = YES;
				CLANG_WARN_STRICT_PROTOTYPES = YES;
				CLANG_WARN_SUSPICIOUS_MOVE = YES;
				CLANG_WARN_UNGUARDED_AVAILABILITY = YES_AGGRESSIVE;
				CLANG_WARN_UNREACHABLE_CODE = YES;
				CLANG_WARN__DUPLICATE_METHOD_MATCH = YES;
				COPY_PHASE_STRIP = NO;
				DEBUG_INFORMATION_FORMAT = "dwarf-with-dsym";
				ENABLE_NS_ASSERTIONS = NO;
				ENABLE_STRICT_OBJC_MSGSEND = YES;
				GCC_C_LANGUAGE_STANDARD = gnu11;
				GCC_NO_COMMON_BLOCKS = YES;
				GCC_WARN_64_TO_32_BIT_CONVERSION = YES;
				GCC_WARN_ABOUT_RETURN_TYPE = YES_ERROR;
				GCC_WARN_UNDECLARED_SELECTOR = YES;
				GCC_WARN_UNINITIALIZED_AUTOS = YES_AGGRESSIVE;
				GCC_WARN_UNUSED_FUNCTION = YES;
				GCC_WARN_UNUSED_VARIABLE = YES;
				IPHONEOS_DEPLOYMENT_TARGET = 15.0;
				MTL_ENABLE_DEBUG_INFO = NO;
				MTL_FAST_MATH = YES;
				SDKROOT = iphoneos;
				SWIFT_COMPILATION_MODE = wholemodule;
				SWIFT_OPTIMIZATION_LEVEL = "-O";
				VALIDATE_PRODUCT = YES;
			};
			name = Release;
		};
		473BAE8B2AA48DAA00968C3C /* Debug */ = {
			isa = XCBuildConfiguration;
			buildSettings = {
				ALWAYS_EMBED_SWIFT_STANDARD_LIBRARIES = NO;
				ASSETCATALOG_COMPILER_APPICON_NAME = AppIcon;
				ASSETCATALOG_COMPILER_GLOBAL_ACCENT_COLOR_NAME = AccentColor;
				CODE_SIGN_ENTITLEMENTS = LexueSwiftUI/LexueSwiftUI.entitlements;
				CODE_SIGN_STYLE = Automatic;
				CURRENT_PROJECT_VERSION = 3;
				DEVELOPMENT_ASSET_PATHS = "\"LexueSwiftUI/Preview Content\"";
				DEVELOPMENT_TEAM = 36YU895APH;
				ENABLE_PREVIEWS = YES;
				"EXCLUDED_ARCHS[sdk=iphonesimulator*]" = arm64;
				FRAMEWORK_SEARCH_PATHS = (
					"$(inherited)",
					"$(PROJECT_DIR)/LexueSwiftUI",
					"$(PROJECT_DIR)",
					"$(PROJECT_DIR)/UMFramework",
				);
				GENERATE_INFOPLIST_FILE = YES;
				INFOPLIST_FILE = LexueSwiftUI/Info.plist;
				INFOPLIST_KEY_CFBundleDisplayName = "i乐学助手";
				INFOPLIST_KEY_LSApplicationCategoryType = "public.app-category.utilities";
				INFOPLIST_KEY_NSCalendarsUsageDescription = "需要访问你的日历来自动导入事件提醒";
				INFOPLIST_KEY_NSPhotoLibraryAddUsageDescription = "需要访问你的相册以存储照片";
				INFOPLIST_KEY_NSRemindersUsageDescription = "需要访问你的提醒事项来自动导入事件提醒";
				INFOPLIST_KEY_NSUserTrackingUsageDescription = "i乐学助手仅将此功能用于app用量统计与用户来源分析，如果你不同意跟踪，乐学助手将不对你进行跟踪";
				INFOPLIST_KEY_UIApplicationSceneManifest_Generation = YES;
				INFOPLIST_KEY_UIApplicationSupportsIndirectInputEvents = YES;
				INFOPLIST_KEY_UILaunchScreen_Generation = YES;
				INFOPLIST_KEY_UISupportedInterfaceOrientations_iPad = "UIInterfaceOrientationPortrait UIInterfaceOrientationPortraitUpsideDown UIInterfaceOrientationLandscapeLeft UIInterfaceOrientationLandscapeRight";
				INFOPLIST_KEY_UISupportedInterfaceOrientations_iPhone = "UIInterfaceOrientationPortrait UIInterfaceOrientationLandscapeLeft UIInterfaceOrientationLandscapeRight";
				IPHONEOS_DEPLOYMENT_TARGET = 15.0;
				LD_RUNPATH_SEARCH_PATHS = (
					"$(inherited)",
					"@executable_path/Frameworks",
				);
				MARKETING_VERSION = 1.1;
				OTHER_LDFLAGS = "";
				PRODUCT_BUNDLE_IDENTIFIER = cn.bobh.LexueSwiftUI;
				PRODUCT_NAME = "$(TARGET_NAME)";
				SUPPORTED_PLATFORMS = "iphoneos iphonesimulator";
				SUPPORTS_MACCATALYST = NO;
				SUPPORTS_MAC_DESIGNED_FOR_IPHONE_IPAD = NO;
				SUPPORTS_XR_DESIGNED_FOR_IPHONE_IPAD = NO;
				SWIFT_EMIT_LOC_STRINGS = YES;
				SWIFT_OBJC_BRIDGING_HEADER = "$(PROJECT_DIR)/LexueSwiftUI/UMSwift/Bridge.h";
				SWIFT_VERSION = 5.0;
				TARGETED_DEVICE_FAMILY = 1;
			};
			name = Debug;
		};
		473BAE8C2AA48DAA00968C3C /* Release */ = {
			isa = XCBuildConfiguration;
			buildSettings = {
				ALWAYS_EMBED_SWIFT_STANDARD_LIBRARIES = NO;
				ASSETCATALOG_COMPILER_APPICON_NAME = AppIcon;
				ASSETCATALOG_COMPILER_GLOBAL_ACCENT_COLOR_NAME = AccentColor;
				CODE_SIGN_ENTITLEMENTS = LexueSwiftUI/LexueSwiftUI.entitlements;
				CODE_SIGN_STYLE = Automatic;
				CURRENT_PROJECT_VERSION = 3;
				DEVELOPMENT_ASSET_PATHS = "\"LexueSwiftUI/Preview Content\"";
				DEVELOPMENT_TEAM = 36YU895APH;
				ENABLE_PREVIEWS = YES;
				"EXCLUDED_ARCHS[sdk=iphonesimulator*]" = arm64;
				FRAMEWORK_SEARCH_PATHS = (
					"$(inherited)",
					"$(PROJECT_DIR)/LexueSwiftUI",
					"$(PROJECT_DIR)",
					"$(PROJECT_DIR)/UMFramework",
				);
				GENERATE_INFOPLIST_FILE = YES;
				INFOPLIST_FILE = LexueSwiftUI/Info.plist;
				INFOPLIST_KEY_CFBundleDisplayName = "i乐学助手";
				INFOPLIST_KEY_LSApplicationCategoryType = "public.app-category.utilities";
				INFOPLIST_KEY_NSCalendarsUsageDescription = "需要访问你的日历来自动导入事件提醒";
				INFOPLIST_KEY_NSPhotoLibraryAddUsageDescription = "需要访问你的相册以存储照片";
				INFOPLIST_KEY_NSRemindersUsageDescription = "需要访问你的提醒事项来自动导入事件提醒";
				INFOPLIST_KEY_NSUserTrackingUsageDescription = "i乐学助手仅将此功能用于app用量统计与用户来源分析，如果你不同意跟踪，乐学助手将不对你进行跟踪";
				INFOPLIST_KEY_UIApplicationSceneManifest_Generation = YES;
				INFOPLIST_KEY_UIApplicationSupportsIndirectInputEvents = YES;
				INFOPLIST_KEY_UILaunchScreen_Generation = YES;
				INFOPLIST_KEY_UISupportedInterfaceOrientations_iPad = "UIInterfaceOrientationPortrait UIInterfaceOrientationPortraitUpsideDown UIInterfaceOrientationLandscapeLeft UIInterfaceOrientationLandscapeRight";
				INFOPLIST_KEY_UISupportedInterfaceOrientations_iPhone = "UIInterfaceOrientationPortrait UIInterfaceOrientationLandscapeLeft UIInterfaceOrientationLandscapeRight";
				IPHONEOS_DEPLOYMENT_TARGET = 15.0;
				LD_RUNPATH_SEARCH_PATHS = (
					"$(inherited)",
					"@executable_path/Frameworks",
				);
				MARKETING_VERSION = 1.1;
				ONLY_ACTIVE_ARCH = NO;
				OTHER_LDFLAGS = "";
				PRODUCT_BUNDLE_IDENTIFIER = cn.bobh.LexueSwiftUI;
				PRODUCT_NAME = "$(TARGET_NAME)";
				SUPPORTED_PLATFORMS = "iphoneos iphonesimulator";
				SUPPORTS_MACCATALYST = NO;
				SUPPORTS_MAC_DESIGNED_FOR_IPHONE_IPAD = NO;
				SUPPORTS_XR_DESIGNED_FOR_IPHONE_IPAD = NO;
				SWIFT_EMIT_LOC_STRINGS = YES;
				SWIFT_OBJC_BRIDGING_HEADER = "$(PROJECT_DIR)/LexueSwiftUI/UMSwift/Bridge.h";
				SWIFT_VERSION = 5.0;
				TARGETED_DEVICE_FAMILY = 1;
			};
			name = Release;
		};
/* End XCBuildConfiguration section */

/* Begin XCConfigurationList section */
		47196FEA2AC5515000979DFE /* Build configuration list for PBXNativeTarget "LexueWidgetExtension" */ = {
			isa = XCConfigurationList;
			buildConfigurations = (
				47196FEB2AC5515000979DFE /* Debug */,
				47196FEC2AC5515000979DFE /* Release */,
			);
			defaultConfigurationIsVisible = 0;
			defaultConfigurationName = Release;
		};
		473BAE772AA48DAA00968C3C /* Build configuration list for PBXProject "LexueSwiftUI" */ = {
			isa = XCConfigurationList;
			buildConfigurations = (
				473BAE882AA48DAA00968C3C /* Debug */,
				473BAE892AA48DAA00968C3C /* Release */,
			);
			defaultConfigurationIsVisible = 0;
			defaultConfigurationName = Release;
		};
		473BAE8A2AA48DAA00968C3C /* Build configuration list for PBXNativeTarget "LexueSwiftUI" */ = {
			isa = XCConfigurationList;
			buildConfigurations = (
				473BAE8B2AA48DAA00968C3C /* Debug */,
				473BAE8C2AA48DAA00968C3C /* Release */,
			);
			defaultConfigurationIsVisible = 0;
			defaultConfigurationName = Release;
		};
/* End XCConfigurationList section */

/* Begin XCRemoteSwiftPackageReference section */
		475AFEF72AAF61C900C4020F /* XCRemoteSwiftPackageReference "Alamofire" */ = {
			isa = XCRemoteSwiftPackageReference;
			repositoryURL = "https://github.com/Alamofire/Alamofire";
			requirement = {
				kind = upToNextMajorVersion;
				minimumVersion = 5.8.0;
			};
		};
		475AFEFC2AAF68E100C4020F /* XCRemoteSwiftPackageReference "SwiftSoup" */ = {
			isa = XCRemoteSwiftPackageReference;
			repositoryURL = "https://github.com/scinfu/SwiftSoup";
			requirement = {
				kind = upToNextMajorVersion;
				minimumVersion = 2.6.1;
			};
		};
		479129BE2AC309BA00F811F9 /* XCRemoteSwiftPackageReference "SwiftUI-WebView" */ = {
			isa = XCRemoteSwiftPackageReference;
			repositoryURL = "git@github.com:kylehickinson/SwiftUI-WebView.git";
			requirement = {
				kind = upToNextMajorVersion;
				minimumVersion = 0.3.0;
			};
		};
		479839DC2AAA2B9B0094C5E1 /* XCRemoteSwiftPackageReference "swiftui-image-viewer" */ = {
			isa = XCRemoteSwiftPackageReference;
			repositoryURL = "https://github.com/Jake-Short/swiftui-image-viewer.git";
			requirement = {
				kind = upToNextMajorVersion;
				minimumVersion = 2.3.1;
			};
		};
		479B22E22AD57B0300A7DCC7 /* XCRemoteSwiftPackageReference "SwiftTabler" */ = {
			isa = XCRemoteSwiftPackageReference;
			repositoryURL = "git@github.com:openalloc/SwiftTabler.git";
			requirement = {
				kind = upToNextMajorVersion;
				minimumVersion = 0.9.7;
			};
		};
		479B22E52AD57D8100A7DCC7 /* XCRemoteSwiftPackageReference "SwiftSideways" */ = {
			isa = XCRemoteSwiftPackageReference;
			repositoryURL = "git@github.com:openalloc/SwiftSideways.git";
			requirement = {
				kind = upToNextMajorVersion;
				minimumVersion = 0.5.4;
			};
		};
		479B22E82AD641E100A7DCC7 /* XCRemoteSwiftPackageReference "LightChart" */ = {
			isa = XCRemoteSwiftPackageReference;
			repositoryURL = "git@github.com:pichukov/LightChart.git";
			requirement = {
				kind = upToNextMajorVersion;
				minimumVersion = 1.0.4;
			};
		};
		47B442142AC6D3B700EE03A9 /* XCRemoteSwiftPackageReference "swift-markdown-ui" */ = {
			isa = XCRemoteSwiftPackageReference;
			repositoryURL = "git@github.com:gonzalezreal/swift-markdown-ui.git";
			requirement = {
				kind = exactVersion;
				version = 2.2.0;
			};
		};
/* End XCRemoteSwiftPackageReference section */

/* Begin XCSwiftPackageProductDependency section */
		475AFEF82AAF61C900C4020F /* Alamofire */ = {
			isa = XCSwiftPackageProductDependency;
			package = 475AFEF72AAF61C900C4020F /* XCRemoteSwiftPackageReference "Alamofire" */;
			productName = Alamofire;
		};
		475AFEFD2AAF68E100C4020F /* SwiftSoup */ = {
			isa = XCSwiftPackageProductDependency;
			package = 475AFEFC2AAF68E100C4020F /* XCRemoteSwiftPackageReference "SwiftSoup" */;
			productName = SwiftSoup;
		};
		479129BF2AC309BA00F811F9 /* WebView */ = {
			isa = XCSwiftPackageProductDependency;
			package = 479129BE2AC309BA00F811F9 /* XCRemoteSwiftPackageReference "SwiftUI-WebView" */;
			productName = WebView;
		};
		479839DD2AAA2B9B0094C5E1 /* ImageViewer */ = {
			isa = XCSwiftPackageProductDependency;
			package = 479839DC2AAA2B9B0094C5E1 /* XCRemoteSwiftPackageReference "swiftui-image-viewer" */;
			productName = ImageViewer;
		};
		479839DF2AAA2B9B0094C5E1 /* ImageViewerRemote */ = {
			isa = XCSwiftPackageProductDependency;
			package = 479839DC2AAA2B9B0094C5E1 /* XCRemoteSwiftPackageReference "swiftui-image-viewer" */;
			productName = ImageViewerRemote;
		};
		479B22E32AD57B0300A7DCC7 /* Tabler */ = {
			isa = XCSwiftPackageProductDependency;
			package = 479B22E22AD57B0300A7DCC7 /* XCRemoteSwiftPackageReference "SwiftTabler" */;
			productName = Tabler;
		};
		479B22E62AD57D8100A7DCC7 /* Sideways */ = {
			isa = XCSwiftPackageProductDependency;
			package = 479B22E52AD57D8100A7DCC7 /* XCRemoteSwiftPackageReference "SwiftSideways" */;
			productName = Sideways;
		};
		479B22E92AD641E100A7DCC7 /* LightChart */ = {
			isa = XCSwiftPackageProductDependency;
			package = 479B22E82AD641E100A7DCC7 /* XCRemoteSwiftPackageReference "LightChart" */;
			productName = LightChart;
		};
		47B442152AC6D3B700EE03A9 /* MarkdownUI */ = {
			isa = XCSwiftPackageProductDependency;
			package = 47B442142AC6D3B700EE03A9 /* XCRemoteSwiftPackageReference "swift-markdown-ui" */;
			productName = MarkdownUI;
		};
		47F4FD1C2ACD9ECA00C6C144 /* Alamofire */ = {
			isa = XCSwiftPackageProductDependency;
			package = 475AFEF72AAF61C900C4020F /* XCRemoteSwiftPackageReference "Alamofire" */;
			productName = Alamofire;
		};
		47F4FD1E2ACD9EED00C6C144 /* SwiftSoup */ = {
			isa = XCSwiftPackageProductDependency;
			package = 475AFEFC2AAF68E100C4020F /* XCRemoteSwiftPackageReference "SwiftSoup" */;
			productName = SwiftSoup;
		};
/* End XCSwiftPackageProductDependency section */

/* Begin XCVersionGroup section */
		47A9277F2AA77E6500ABDC53 /* MessageModel.xcdatamodeld */ = {
			isa = XCVersionGroup;
			children = (
				47A927802AA77E6500ABDC53 /* MessageModel.xcdatamodel */,
			);
			currentVersion = 47A927802AA77E6500ABDC53 /* MessageModel.xcdatamodel */;
			path = MessageModel.xcdatamodeld;
			sourceTree = "<group>";
			versionGroupType = wrapper.xcdatamodel;
		};
/* End XCVersionGroup section */
	};
	rootObject = 473BAE742AA48DAA00968C3C /* Project object */;
}
